
Microsoft Visual Studio Solution File, Format Version 12.00
# Visual Studio Version 16
VisualStudioVersion = 16.0.29306.81
MinimumVisualStudioVersion = 10.0.40219.1
Project("{FAE04EC0-301F-11D3-BF4B-00C04F79EFBC}") = "GerberLibrary", "..\GerberLibrary\GerberLibrary.csproj", "{E1C3AA23-3A02-485F-976B-50A96052F00A}"
EndProject
Project("{2150E333-8FDC-42A3-9474-1A3956D46DE8}") = "CommandLineTools", "CommandLineTools", "{F705564A-6956-4675-A941-6ED916ADC0AD}"
EndProject
Project("{2150E333-8FDC-42A3-9474-1A3956D46DE8}") = "Library", "Library", "{AE8159BA-937D-4BDB-A5CA-FB8003121AC5}"
EndProject
Project("{FAE04EC0-301F-11D3-BF4B-00C04F79EFBC}") = "NFCAntennaBuilder", "..\AntennaBuilder\NFCAntennaBuilder.csproj", "{98BBE72D-883B-424B-AE08-8B1F5BE56962}"
EndProject
Project("{FAE04EC0-301F-11D3-BF4B-00C04F79EFBC}") = "DirtyPCB_BoardRender", "..\DirtyPCBs\DirtyPCB_BoardRender\DirtyPCB_BoardRender.csproj", "{7A8CFAE1-9257-497C-ADB3-7495AAB13EBD}"
EndProject
Project("{2150E333-8FDC-42A3-9474-1A3956D46DE8}") = "DirtyPCBs", "DirtyPCBs", "{0EBAE71A-2E71-46F4-927D-F66D0A4D23F2}"
EndProject
Project("{FAE04EC0-301F-11D3-BF4B-00C04F79EFBC}") = "GerberPanelize", "..\GerberPanelizer\GerberPanelize.csproj", "{9BF01E4A-E112-49B2-B098-19EADBCBCC0A}"
EndProject
Project("{2150E333-8FDC-42A3-9474-1A3956D46DE8}") = "Applications", "Applications", "{5B17443F-D48D-429E-83E3-2C7DCA8C6ED3}"
EndProject
Project("{FAE04EC0-301F-11D3-BF4B-00C04F79EFBC}") = "GerberAnalyse", "..\GerberAnalyse\GerberAnalyse.csproj", "{829BF121-B858-4F41-90E0-33AF05DB6D16}"
EndProject
Project("{FAE04EC0-301F-11D3-BF4B-00C04F79EFBC}") = "GerberCombiner", "..\GerberCombiner\GerberCombiner.csproj", "{2CA9B693-4E23-4571-97E9-96D19017AB42}"
EndProject
Project("{FAE04EC0-301F-11D3-BF4B-00C04F79EFBC}") = "GerberMover", "..\GerberMover\GerberMover.csproj", "{A8D59F15-E4E7-4B55-9D9F-D851EAD296F0}"
EndProject
Project("{FAE04EC0-301F-11D3-BF4B-00C04F79EFBC}") = "GerberSanitize", "..\GerberSanitize\GerberSanitize.csproj", "{001A47BF-C8CE-40A7-924A-D749B2355A07}"
EndProject
Project("{FAE04EC0-301F-11D3-BF4B-00C04F79EFBC}") = "GerberToImage", "..\GerberToImage\GerberToImage.csproj", "{DC17441B-09C1-483E-AA75-60C6F0087A64}"
EndProject
Project("{FAE04EC0-301F-11D3-BF4B-00C04F79EFBC}") = "QuickGerberRender", "..\QuickGerberRender\QuickGerberRender.csproj", "{7BCEECC7-8975-4B30-BA8F-75810680FB89}"
EndProject
Project("{FAE04EC0-301F-11D3-BF4B-00C04F79EFBC}") = "ProductionFrame", "..\ProductionFrame\ProductionFrame.csproj", "{65C72C05-62F9-4956-90C8-1671A2D4471C}"
EndProject
Project("{FAE04EC0-301F-11D3-BF4B-00C04F79EFBC}") = "ProtoBoardGenerator", "..\ProtoBoardGenerator\ProtoBoardGenerator.csproj", "{054CD5C7-D5DA-4F5E-B3A1-BBEC3B22C145}"
EndProject
Project("{FAE04EC0-301F-11D3-BF4B-00C04F79EFBC}") = "DirtyPCB_BoardStats", "..\DirtyPCBs\DirtyPCB_BoardStats\DirtyPCB_BoardStats.csproj", "{135A4FAC-6A95-40FE-9A50-FC468A6CAEFA}"
EndProject
Project("{FAE04EC0-301F-11D3-BF4B-00C04F79EFBC}") = "DirtyPCB_DXFStats", "..\DirtyPCBs\DirtyPCB_DXFStats\DirtyPCB_DXFStats.csproj", "{5FE8976E-B869-4148-92DD-91AD9F3642CA}"
EndProject
Project("{FAE04EC0-301F-11D3-BF4B-00C04F79EFBC}") = "DirtyPCB_LocaleTest", "..\DirtyPCBs\DirtyLocaleTest\DirtyPCB_LocaleTest.csproj", "{308020D4-60F1-4DB5-AFE5-759920FE0793}"
EndProject
Project("{FAE04EC0-301F-11D3-BF4B-00C04F79EFBC}") = "DirtyPCB_Base64Extractor", "..\DirtyPCBs\Base64Extractor\DirtyPCB_Base64Extractor.csproj", "{5E7376A5-39E2-4607-9783-094875794303}"
EndProject
Project("{FAE04EC0-301F-11D3-BF4B-00C04F79EFBC}") = "GerberToOutline", "..\GerberToOutline\GerberToOutline.csproj", "{8BD1969D-7C08-4193-B221-D588734B2292}"
EndProject
Project("{FAE04EC0-301F-11D3-BF4B-00C04F79EFBC}") = "FrontPanelImageToGerber", "..\ImageToGerber\FrontPanelImageToGerber.csproj", "{5D996BEE-BD2A-427A-808B-98EE1F397AE5}"
EndProject
Project("{FAE04EC0-301F-11D3-BF4B-00C04F79EFBC}") = "GerberViewer", "..\GerberViewer\GerberViewer.csproj", "{02887DBB-12F0-40A7-B5ED-B30B18C503F3}"
EndProject
Project("{2150E333-8FDC-42A3-9474-1A3956D46DE8}") = "Solution Items", "Solution Items", "{00796066-7833-4827-BCFB-1724A5D2E636}"
EndProject
Project("{FAE04EC0-301F-11D3-BF4B-00C04F79EFBC}") = "CaseBuilder", "..\CaseBuilder\CaseBuilder.csproj", "{12C70AD0-0172-48B3-B7B7-560B157887E7}"
EndProject
Project("{FAE04EC0-301F-11D3-BF4B-00C04F79EFBC}") = "DirtyPCB_SickOfBeige", "..\DirtyPCBs\SickOfBeige\DirtyPCB_SickOfBeige.csproj", "{D8D9E743-7DE8-4865-B169-1253AC6732F8}"
EndProject
Project("{FAE04EC0-301F-11D3-BF4B-00C04F79EFBC}") = "AutoPanelBuilder", "..\AutoPanelBuilder\AutoPanelBuilder.csproj", "{8E978054-B515-4581-B65D-DCB7DC7C3D52}"
EndProject
Project("{2150E333-8FDC-42A3-9474-1A3956D46DE8}") = "Project_Utilities", "Project_Utilities", "{49E3D49C-EC26-42F7-B67D-742F8692E11E}"
EndProject
Project("{FAE04EC0-301F-11D3-BF4B-00C04F79EFBC}") = "ReleaseBuilder", "..\Project_Utilities\ReleaseBuilder\ReleaseBuilder.csproj", "{6BC377EE-F5ED-4A66-BBFE-68A669B8DA2C}"
EndProject
Project("{FAE04EC0-301F-11D3-BF4B-00C04F79EFBC}") = "IconBuilder", "..\Project_Utilities\IconBuilder\IconBuilder.csproj", "{24BA245D-125E-4FE4-B1FF-325B71546E4C}"
EndProject
Project("{FAE04EC0-301F-11D3-BF4B-00C04F79EFBC}") = "IconScanner", "..\Project_Utilities\IconScanner\IconScanner.csproj", "{2FA9476A-8780-44CF-A4E8-5EEB1E00D184}"
EndProject
Project("{FAE04EC0-301F-11D3-BF4B-00C04F79EFBC}") = "TINRS-ArtWork", "..\Project_Utilities\TilingLibrary\TINRS-ArtWork.csproj", "{02FDA308-BE9D-424E-950E-D86E72F4C16C}"
EndProject
Project("{FAE04EC0-301F-11D3-BF4B-00C04F79EFBC}") = "GerberClipper", "..\GerberClipper\GerberClipper.csproj", "{4F1EC287-9873-4A1A-BB2E-6343B5237A91}"
EndProject
Project("{FAE04EC0-301F-11D3-BF4B-00C04F79EFBC}") = "FitBitmapToOutlineAndMerge", "..\FitBitmapToOutlineAndMerge\FitBitmapToOutlineAndMerge.csproj", "{822016C1-52B8-449C-BE7A-D3ABA943B8B6}"
EndProject
Project("{FAE04EC0-301F-11D3-BF4B-00C04F79EFBC}") = "FrontPanelBuilder", "..\FrontPanelBuilder\FrontPanelBuilder.csproj", "{485C42A7-B359-4091-9BE7-7B8E99A8D7EA}"
EndProject
Project("{FAE04EC0-301F-11D3-BF4B-00C04F79EFBC}") = "GerberToDxf", "..\GerberToDxf\GerberToDxf\GerberToDxf.csproj", "{843057E6-2FC0-4C78-AAB3-197C60AE72BF}"
EndProject
Project("{FAE04EC0-301F-11D3-BF4B-00C04F79EFBC}") = "GerberSplitter", "..\GerberSplitter\GerberSplitter.csproj", "{33307FFA-F1C3-49EB-8ECF-AEC6C72E89A1}"
EndProject
Project("{FAE04EC0-301F-11D3-BF4B-00C04F79EFBC}") = "TINRS-ArtWorkGenerator", "..\TINRS-ArtWorkGenerator\TINRS-ArtWorkGenerator.csproj", "{6DE1B712-F0D4-4FE4-8E6F-50704FAC9EA7}"
EndProject
Project("{FAE04EC0-301F-11D3-BF4B-00C04F79EFBC}") = "SolderTool", "..\SolderTool\SolderTool.csproj", "{8DDC4C62-0407-48CC-9261-C1DA33040C93}"
EndProject
Project("{FAE04EC0-301F-11D3-BF4B-00C04F79EFBC}") = "OpampCalculator", "OpampCalculator\OpampCalculator.csproj", "{16EF10F9-DAC3-4496-98C8-0BFB5E1698E7}"
EndProject
Project("{FAE04EC0-301F-11D3-BF4B-00C04F79EFBC}") = "FrameCreatorTest", "FrameCreatorTest\FrameCreatorTest.csproj", "{6DAC1D1F-8265-4DE3-B5A0-D39C3493B521}"
EndProject
Project("{FAE04EC0-301F-11D3-BF4B-00C04F79EFBC}") = "MakeIcon", "..\MakeIcon\MakeIcon.csproj", "{D4D4DC84-983D-4B9E-8253-1F6D8AEE02E2}"
EndProject
Project("{FAE04EC0-301F-11D3-BF4B-00C04F79EFBC}") = "PnP_Processor", "..\PnP_Processor\PnP_Processor.csproj", "{884D67EC-0142-4425-9FD2-1D562407FE27}"
EndProject
Project("{FAE04EC0-301F-11D3-BF4B-00C04F79EFBC}") = "VScorePanel", "..\VScorePanel\VScorePanel.csproj", "{9334CD5A-D40B-414B-9771-544D2C76DFF6}"
EndProject
Project("{FAE04EC0-301F-11D3-BF4B-00C04F79EFBC}") = "JLCDrop", "..\JLCDrop\JLCDrop.csproj", "{95295D11-C5CA-4C18-93EB-2BF79D9E0EF4}"
EndProject
Project("{FAE04EC0-301F-11D3-BF4B-00C04F79EFBC}") = "EagleBoardToCHeader", "..\EagleBoardToCHeader\EagleBoardToCHeader.csproj", "{A10D1E18-A242-4372-A426-B40D2A044F37}"
EndProject
Global
	GlobalSection(SolutionConfigurationPlatforms) = preSolution
		Debug|Any CPU = Debug|Any CPU
		Debug|x86 = Debug|x86
		Release|Any CPU = Release|Any CPU
		Release|x86 = Release|x86
	EndGlobalSection
	GlobalSection(ProjectConfigurationPlatforms) = postSolution
		{E1C3AA23-3A02-485F-976B-50A96052F00A}.Debug|Any CPU.ActiveCfg = Debug|Any CPU
		{E1C3AA23-3A02-485F-976B-50A96052F00A}.Debug|Any CPU.Build.0 = Debug|Any CPU
		{E1C3AA23-3A02-485F-976B-50A96052F00A}.Debug|x86.ActiveCfg = Debug|x86
		{E1C3AA23-3A02-485F-976B-50A96052F00A}.Debug|x86.Build.0 = Debug|x86
		{E1C3AA23-3A02-485F-976B-50A96052F00A}.Release|Any CPU.ActiveCfg = Release|Any CPU
		{E1C3AA23-3A02-485F-976B-50A96052F00A}.Release|Any CPU.Build.0 = Release|Any CPU
		{E1C3AA23-3A02-485F-976B-50A96052F00A}.Release|x86.ActiveCfg = Release|x86
		{E1C3AA23-3A02-485F-976B-50A96052F00A}.Release|x86.Build.0 = Release|x86
		{98BBE72D-883B-424B-AE08-8B1F5BE56962}.Debug|Any CPU.ActiveCfg = Debug|Any CPU
		{98BBE72D-883B-424B-AE08-8B1F5BE56962}.Debug|Any CPU.Build.0 = Debug|Any CPU
		{98BBE72D-883B-424B-AE08-8B1F5BE56962}.Debug|x86.ActiveCfg = Debug|Any CPU
		{98BBE72D-883B-424B-AE08-8B1F5BE56962}.Debug|x86.Build.0 = Debug|Any CPU
		{98BBE72D-883B-424B-AE08-8B1F5BE56962}.Release|Any CPU.ActiveCfg = Release|Any CPU
		{98BBE72D-883B-424B-AE08-8B1F5BE56962}.Release|Any CPU.Build.0 = Release|Any CPU
		{98BBE72D-883B-424B-AE08-8B1F5BE56962}.Release|x86.ActiveCfg = Release|Any CPU
		{98BBE72D-883B-424B-AE08-8B1F5BE56962}.Release|x86.Build.0 = Release|Any CPU
		{7A8CFAE1-9257-497C-ADB3-7495AAB13EBD}.Debug|Any CPU.ActiveCfg = Debug|Any CPU
		{7A8CFAE1-9257-497C-ADB3-7495AAB13EBD}.Debug|Any CPU.Build.0 = Debug|Any CPU
		{7A8CFAE1-9257-497C-ADB3-7495AAB13EBD}.Debug|x86.ActiveCfg = Debug|Any CPU
		{7A8CFAE1-9257-497C-ADB3-7495AAB13EBD}.Debug|x86.Build.0 = Debug|Any CPU
		{7A8CFAE1-9257-497C-ADB3-7495AAB13EBD}.Release|Any CPU.ActiveCfg = Release|Any CPU
		{7A8CFAE1-9257-497C-ADB3-7495AAB13EBD}.Release|Any CPU.Build.0 = Release|Any CPU
		{7A8CFAE1-9257-497C-ADB3-7495AAB13EBD}.Release|x86.ActiveCfg = Release|Any CPU
		{7A8CFAE1-9257-497C-ADB3-7495AAB13EBD}.Release|x86.Build.0 = Release|Any CPU
		{9BF01E4A-E112-49B2-B098-19EADBCBCC0A}.Debug|Any CPU.ActiveCfg = Debug|Any CPU
		{9BF01E4A-E112-49B2-B098-19EADBCBCC0A}.Debug|Any CPU.Build.0 = Debug|Any CPU
		{9BF01E4A-E112-49B2-B098-19EADBCBCC0A}.Debug|x86.ActiveCfg = Debug|Any CPU
		{9BF01E4A-E112-49B2-B098-19EADBCBCC0A}.Debug|x86.Build.0 = Debug|Any CPU
		{9BF01E4A-E112-49B2-B098-19EADBCBCC0A}.Release|Any CPU.ActiveCfg = Release|Any CPU
		{9BF01E4A-E112-49B2-B098-19EADBCBCC0A}.Release|Any CPU.Build.0 = Release|Any CPU
		{9BF01E4A-E112-49B2-B098-19EADBCBCC0A}.Release|x86.ActiveCfg = Release|Any CPU
		{9BF01E4A-E112-49B2-B098-19EADBCBCC0A}.Release|x86.Build.0 = Release|Any CPU
		{829BF121-B858-4F41-90E0-33AF05DB6D16}.Debug|Any CPU.ActiveCfg = Debug|Any CPU
		{829BF121-B858-4F41-90E0-33AF05DB6D16}.Debug|Any CPU.Build.0 = Debug|Any CPU
		{829BF121-B858-4F41-90E0-33AF05DB6D16}.Debug|x86.ActiveCfg = Debug|Any CPU
		{829BF121-B858-4F41-90E0-33AF05DB6D16}.Debug|x86.Build.0 = Debug|Any CPU
		{829BF121-B858-4F41-90E0-33AF05DB6D16}.Release|Any CPU.ActiveCfg = Release|Any CPU
		{829BF121-B858-4F41-90E0-33AF05DB6D16}.Release|Any CPU.Build.0 = Release|Any CPU
		{829BF121-B858-4F41-90E0-33AF05DB6D16}.Release|x86.ActiveCfg = Release|Any CPU
		{829BF121-B858-4F41-90E0-33AF05DB6D16}.Release|x86.Build.0 = Release|Any CPU
		{2CA9B693-4E23-4571-97E9-96D19017AB42}.Debug|Any CPU.ActiveCfg = Debug|Any CPU
		{2CA9B693-4E23-4571-97E9-96D19017AB42}.Debug|Any CPU.Build.0 = Debug|Any CPU
		{2CA9B693-4E23-4571-97E9-96D19017AB42}.Debug|x86.ActiveCfg = Debug|Any CPU
		{2CA9B693-4E23-4571-97E9-96D19017AB42}.Debug|x86.Build.0 = Debug|Any CPU
		{2CA9B693-4E23-4571-97E9-96D19017AB42}.Release|Any CPU.ActiveCfg = Release|Any CPU
		{2CA9B693-4E23-4571-97E9-96D19017AB42}.Release|Any CPU.Build.0 = Release|Any CPU
		{2CA9B693-4E23-4571-97E9-96D19017AB42}.Release|x86.ActiveCfg = Release|Any CPU
		{2CA9B693-4E23-4571-97E9-96D19017AB42}.Release|x86.Build.0 = Release|Any CPU
		{A8D59F15-E4E7-4B55-9D9F-D851EAD296F0}.Debug|Any CPU.ActiveCfg = Debug|Any CPU
		{A8D59F15-E4E7-4B55-9D9F-D851EAD296F0}.Debug|Any CPU.Build.0 = Debug|Any CPU
		{A8D59F15-E4E7-4B55-9D9F-D851EAD296F0}.Debug|x86.ActiveCfg = Debug|Any CPU
		{A8D59F15-E4E7-4B55-9D9F-D851EAD296F0}.Debug|x86.Build.0 = Debug|Any CPU
		{A8D59F15-E4E7-4B55-9D9F-D851EAD296F0}.Release|Any CPU.ActiveCfg = Release|Any CPU
		{A8D59F15-E4E7-4B55-9D9F-D851EAD296F0}.Release|Any CPU.Build.0 = Release|Any CPU
		{A8D59F15-E4E7-4B55-9D9F-D851EAD296F0}.Release|x86.ActiveCfg = Release|Any CPU
		{A8D59F15-E4E7-4B55-9D9F-D851EAD296F0}.Release|x86.Build.0 = Release|Any CPU
		{001A47BF-C8CE-40A7-924A-D749B2355A07}.Debug|Any CPU.ActiveCfg = Debug|Any CPU
		{001A47BF-C8CE-40A7-924A-D749B2355A07}.Debug|Any CPU.Build.0 = Debug|Any CPU
		{001A47BF-C8CE-40A7-924A-D749B2355A07}.Debug|x86.ActiveCfg = Debug|Any CPU
		{001A47BF-C8CE-40A7-924A-D749B2355A07}.Debug|x86.Build.0 = Debug|Any CPU
		{001A47BF-C8CE-40A7-924A-D749B2355A07}.Release|Any CPU.ActiveCfg = Release|Any CPU
		{001A47BF-C8CE-40A7-924A-D749B2355A07}.Release|Any CPU.Build.0 = Release|Any CPU
		{001A47BF-C8CE-40A7-924A-D749B2355A07}.Release|x86.ActiveCfg = Release|Any CPU
		{001A47BF-C8CE-40A7-924A-D749B2355A07}.Release|x86.Build.0 = Release|Any CPU
		{DC17441B-09C1-483E-AA75-60C6F0087A64}.Debug|Any CPU.ActiveCfg = Debug|Any CPU
		{DC17441B-09C1-483E-AA75-60C6F0087A64}.Debug|Any CPU.Build.0 = Debug|Any CPU
		{DC17441B-09C1-483E-AA75-60C6F0087A64}.Debug|x86.ActiveCfg = Debug|x86
		{DC17441B-09C1-483E-AA75-60C6F0087A64}.Debug|x86.Build.0 = Debug|x86
		{DC17441B-09C1-483E-AA75-60C6F0087A64}.Release|Any CPU.ActiveCfg = Release|Any CPU
		{DC17441B-09C1-483E-AA75-60C6F0087A64}.Release|Any CPU.Build.0 = Release|Any CPU
		{DC17441B-09C1-483E-AA75-60C6F0087A64}.Release|x86.ActiveCfg = Release|x86
		{DC17441B-09C1-483E-AA75-60C6F0087A64}.Release|x86.Build.0 = Release|x86
		{7BCEECC7-8975-4B30-BA8F-75810680FB89}.Debug|Any CPU.ActiveCfg = Debug|Any CPU
		{7BCEECC7-8975-4B30-BA8F-75810680FB89}.Debug|Any CPU.Build.0 = Debug|Any CPU
		{7BCEECC7-8975-4B30-BA8F-75810680FB89}.Debug|x86.ActiveCfg = Debug|Any CPU
		{7BCEECC7-8975-4B30-BA8F-75810680FB89}.Debug|x86.Build.0 = Debug|Any CPU
		{7BCEECC7-8975-4B30-BA8F-75810680FB89}.Release|Any CPU.ActiveCfg = Release|Any CPU
		{7BCEECC7-8975-4B30-BA8F-75810680FB89}.Release|Any CPU.Build.0 = Release|Any CPU
		{7BCEECC7-8975-4B30-BA8F-75810680FB89}.Release|x86.ActiveCfg = Release|Any CPU
		{7BCEECC7-8975-4B30-BA8F-75810680FB89}.Release|x86.Build.0 = Release|Any CPU
		{65C72C05-62F9-4956-90C8-1671A2D4471C}.Debug|Any CPU.ActiveCfg = Debug|Any CPU
		{65C72C05-62F9-4956-90C8-1671A2D4471C}.Debug|Any CPU.Build.0 = Debug|Any CPU
		{65C72C05-62F9-4956-90C8-1671A2D4471C}.Debug|x86.ActiveCfg = Debug|Any CPU
		{65C72C05-62F9-4956-90C8-1671A2D4471C}.Debug|x86.Build.0 = Debug|Any CPU
		{65C72C05-62F9-4956-90C8-1671A2D4471C}.Release|Any CPU.ActiveCfg = Release|Any CPU
		{65C72C05-62F9-4956-90C8-1671A2D4471C}.Release|Any CPU.Build.0 = Release|Any CPU
		{65C72C05-62F9-4956-90C8-1671A2D4471C}.Release|x86.ActiveCfg = Release|Any CPU
		{65C72C05-62F9-4956-90C8-1671A2D4471C}.Release|x86.Build.0 = Release|Any CPU
		{054CD5C7-D5DA-4F5E-B3A1-BBEC3B22C145}.Debug|Any CPU.ActiveCfg = Debug|Any CPU
		{054CD5C7-D5DA-4F5E-B3A1-BBEC3B22C145}.Debug|Any CPU.Build.0 = Debug|Any CPU
		{054CD5C7-D5DA-4F5E-B3A1-BBEC3B22C145}.Debug|x86.ActiveCfg = Debug|Any CPU
		{054CD5C7-D5DA-4F5E-B3A1-BBEC3B22C145}.Debug|x86.Build.0 = Debug|Any CPU
		{054CD5C7-D5DA-4F5E-B3A1-BBEC3B22C145}.Release|Any CPU.ActiveCfg = Release|Any CPU
		{054CD5C7-D5DA-4F5E-B3A1-BBEC3B22C145}.Release|Any CPU.Build.0 = Release|Any CPU
		{054CD5C7-D5DA-4F5E-B3A1-BBEC3B22C145}.Release|x86.ActiveCfg = Release|Any CPU
		{054CD5C7-D5DA-4F5E-B3A1-BBEC3B22C145}.Release|x86.Build.0 = Release|Any CPU
		{135A4FAC-6A95-40FE-9A50-FC468A6CAEFA}.Debug|Any CPU.ActiveCfg = Debug|Any CPU
		{135A4FAC-6A95-40FE-9A50-FC468A6CAEFA}.Debug|Any CPU.Build.0 = Debug|Any CPU
		{135A4FAC-6A95-40FE-9A50-FC468A6CAEFA}.Debug|x86.ActiveCfg = Debug|Any CPU
		{135A4FAC-6A95-40FE-9A50-FC468A6CAEFA}.Debug|x86.Build.0 = Debug|Any CPU
		{135A4FAC-6A95-40FE-9A50-FC468A6CAEFA}.Release|Any CPU.ActiveCfg = Release|Any CPU
		{135A4FAC-6A95-40FE-9A50-FC468A6CAEFA}.Release|Any CPU.Build.0 = Release|Any CPU
		{135A4FAC-6A95-40FE-9A50-FC468A6CAEFA}.Release|x86.ActiveCfg = Release|Any CPU
		{135A4FAC-6A95-40FE-9A50-FC468A6CAEFA}.Release|x86.Build.0 = Release|Any CPU
		{5FE8976E-B869-4148-92DD-91AD9F3642CA}.Debug|Any CPU.ActiveCfg = Debug|Any CPU
		{5FE8976E-B869-4148-92DD-91AD9F3642CA}.Debug|Any CPU.Build.0 = Debug|Any CPU
		{5FE8976E-B869-4148-92DD-91AD9F3642CA}.Debug|x86.ActiveCfg = Debug|Any CPU
		{5FE8976E-B869-4148-92DD-91AD9F3642CA}.Debug|x86.Build.0 = Debug|Any CPU
		{5FE8976E-B869-4148-92DD-91AD9F3642CA}.Release|Any CPU.ActiveCfg = Release|Any CPU
		{5FE8976E-B869-4148-92DD-91AD9F3642CA}.Release|Any CPU.Build.0 = Release|Any CPU
		{5FE8976E-B869-4148-92DD-91AD9F3642CA}.Release|x86.ActiveCfg = Release|Any CPU
		{5FE8976E-B869-4148-92DD-91AD9F3642CA}.Release|x86.Build.0 = Release|Any CPU
		{308020D4-60F1-4DB5-AFE5-759920FE0793}.Debug|Any CPU.ActiveCfg = Debug|Any CPU
		{308020D4-60F1-4DB5-AFE5-759920FE0793}.Debug|Any CPU.Build.0 = Debug|Any CPU
		{308020D4-60F1-4DB5-AFE5-759920FE0793}.Debug|x86.ActiveCfg = Debug|Any CPU
		{308020D4-60F1-4DB5-AFE5-759920FE0793}.Debug|x86.Build.0 = Debug|Any CPU
		{308020D4-60F1-4DB5-AFE5-759920FE0793}.Release|Any CPU.ActiveCfg = Release|Any CPU
		{308020D4-60F1-4DB5-AFE5-759920FE0793}.Release|Any CPU.Build.0 = Release|Any CPU
		{308020D4-60F1-4DB5-AFE5-759920FE0793}.Release|x86.ActiveCfg = Release|Any CPU
		{308020D4-60F1-4DB5-AFE5-759920FE0793}.Release|x86.Build.0 = Release|Any CPU
		{5E7376A5-39E2-4607-9783-094875794303}.Debug|Any CPU.ActiveCfg = Debug|Any CPU
		{5E7376A5-39E2-4607-9783-094875794303}.Debug|Any CPU.Build.0 = Debug|Any CPU
		{5E7376A5-39E2-4607-9783-094875794303}.Debug|x86.ActiveCfg = Debug|Any CPU
		{5E7376A5-39E2-4607-9783-094875794303}.Debug|x86.Build.0 = Debug|Any CPU
		{5E7376A5-39E2-4607-9783-094875794303}.Release|Any CPU.ActiveCfg = Release|Any CPU
		{5E7376A5-39E2-4607-9783-094875794303}.Release|Any CPU.Build.0 = Release|Any CPU
		{5E7376A5-39E2-4607-9783-094875794303}.Release|x86.ActiveCfg = Release|Any CPU
		{5E7376A5-39E2-4607-9783-094875794303}.Release|x86.Build.0 = Release|Any CPU
		{8BD1969D-7C08-4193-B221-D588734B2292}.Debug|Any CPU.ActiveCfg = Debug|Any CPU
		{8BD1969D-7C08-4193-B221-D588734B2292}.Debug|Any CPU.Build.0 = Debug|Any CPU
		{8BD1969D-7C08-4193-B221-D588734B2292}.Debug|x86.ActiveCfg = Debug|Any CPU
		{8BD1969D-7C08-4193-B221-D588734B2292}.Debug|x86.Build.0 = Debug|Any CPU
		{8BD1969D-7C08-4193-B221-D588734B2292}.Release|Any CPU.ActiveCfg = Release|Any CPU
		{8BD1969D-7C08-4193-B221-D588734B2292}.Release|Any CPU.Build.0 = Release|Any CPU
		{8BD1969D-7C08-4193-B221-D588734B2292}.Release|x86.ActiveCfg = Release|Any CPU
		{8BD1969D-7C08-4193-B221-D588734B2292}.Release|x86.Build.0 = Release|Any CPU
		{5D996BEE-BD2A-427A-808B-98EE1F397AE5}.Debug|Any CPU.ActiveCfg = Debug|Any CPU
		{5D996BEE-BD2A-427A-808B-98EE1F397AE5}.Debug|Any CPU.Build.0 = Debug|Any CPU
		{5D996BEE-BD2A-427A-808B-98EE1F397AE5}.Debug|x86.ActiveCfg = Debug|Any CPU
		{5D996BEE-BD2A-427A-808B-98EE1F397AE5}.Debug|x86.Build.0 = Debug|Any CPU
		{5D996BEE-BD2A-427A-808B-98EE1F397AE5}.Release|Any CPU.ActiveCfg = Release|Any CPU
		{5D996BEE-BD2A-427A-808B-98EE1F397AE5}.Release|Any CPU.Build.0 = Release|Any CPU
		{5D996BEE-BD2A-427A-808B-98EE1F397AE5}.Release|x86.ActiveCfg = Release|Any CPU
		{5D996BEE-BD2A-427A-808B-98EE1F397AE5}.Release|x86.Build.0 = Release|Any CPU
		{02887DBB-12F0-40A7-B5ED-B30B18C503F3}.Debug|Any CPU.ActiveCfg = Debug|Any CPU
		{02887DBB-12F0-40A7-B5ED-B30B18C503F3}.Debug|Any CPU.Build.0 = Debug|Any CPU
		{02887DBB-12F0-40A7-B5ED-B30B18C503F3}.Debug|x86.ActiveCfg = Debug|Any CPU
		{02887DBB-12F0-40A7-B5ED-B30B18C503F3}.Debug|x86.Build.0 = Debug|Any CPU
		{02887DBB-12F0-40A7-B5ED-B30B18C503F3}.Release|Any CPU.ActiveCfg = Release|Any CPU
		{02887DBB-12F0-40A7-B5ED-B30B18C503F3}.Release|Any CPU.Build.0 = Release|Any CPU
		{02887DBB-12F0-40A7-B5ED-B30B18C503F3}.Release|x86.ActiveCfg = Release|Any CPU
		{02887DBB-12F0-40A7-B5ED-B30B18C503F3}.Release|x86.Build.0 = Release|Any CPU
		{12C70AD0-0172-48B3-B7B7-560B157887E7}.Debug|Any CPU.ActiveCfg = Debug|Any CPU
		{12C70AD0-0172-48B3-B7B7-560B157887E7}.Debug|Any CPU.Build.0 = Debug|Any CPU
		{12C70AD0-0172-48B3-B7B7-560B157887E7}.Debug|x86.ActiveCfg = Debug|Any CPU
		{12C70AD0-0172-48B3-B7B7-560B157887E7}.Debug|x86.Build.0 = Debug|Any CPU
		{12C70AD0-0172-48B3-B7B7-560B157887E7}.Release|Any CPU.ActiveCfg = Release|Any CPU
		{12C70AD0-0172-48B3-B7B7-560B157887E7}.Release|Any CPU.Build.0 = Release|Any CPU
		{12C70AD0-0172-48B3-B7B7-560B157887E7}.Release|x86.ActiveCfg = Release|Any CPU
		{12C70AD0-0172-48B3-B7B7-560B157887E7}.Release|x86.Build.0 = Release|Any CPU
		{D8D9E743-7DE8-4865-B169-1253AC6732F8}.Debug|Any CPU.ActiveCfg = Debug|Any CPU
		{D8D9E743-7DE8-4865-B169-1253AC6732F8}.Debug|Any CPU.Build.0 = Debug|Any CPU
		{D8D9E743-7DE8-4865-B169-1253AC6732F8}.Debug|x86.ActiveCfg = Debug|Any CPU
		{D8D9E743-7DE8-4865-B169-1253AC6732F8}.Debug|x86.Build.0 = Debug|Any CPU
		{D8D9E743-7DE8-4865-B169-1253AC6732F8}.Release|Any CPU.ActiveCfg = Release|Any CPU
		{D8D9E743-7DE8-4865-B169-1253AC6732F8}.Release|Any CPU.Build.0 = Release|Any CPU
		{D8D9E743-7DE8-4865-B169-1253AC6732F8}.Release|x86.ActiveCfg = Release|Any CPU
		{D8D9E743-7DE8-4865-B169-1253AC6732F8}.Release|x86.Build.0 = Release|Any CPU
		{8E978054-B515-4581-B65D-DCB7DC7C3D52}.Debug|Any CPU.ActiveCfg = Debug|Any CPU
		{8E978054-B515-4581-B65D-DCB7DC7C3D52}.Debug|Any CPU.Build.0 = Debug|Any CPU
		{8E978054-B515-4581-B65D-DCB7DC7C3D52}.Debug|x86.ActiveCfg = Debug|Any CPU
		{8E978054-B515-4581-B65D-DCB7DC7C3D52}.Debug|x86.Build.0 = Debug|Any CPU
		{8E978054-B515-4581-B65D-DCB7DC7C3D52}.Release|Any CPU.ActiveCfg = Release|Any CPU
		{8E978054-B515-4581-B65D-DCB7DC7C3D52}.Release|Any CPU.Build.0 = Release|Any CPU
		{8E978054-B515-4581-B65D-DCB7DC7C3D52}.Release|x86.ActiveCfg = Release|Any CPU
		{8E978054-B515-4581-B65D-DCB7DC7C3D52}.Release|x86.Build.0 = Release|Any CPU
		{6BC377EE-F5ED-4A66-BBFE-68A669B8DA2C}.Debug|Any CPU.ActiveCfg = Debug|Any CPU
		{6BC377EE-F5ED-4A66-BBFE-68A669B8DA2C}.Debug|Any CPU.Build.0 = Debug|Any CPU
		{6BC377EE-F5ED-4A66-BBFE-68A669B8DA2C}.Debug|x86.ActiveCfg = Debug|Any CPU
		{6BC377EE-F5ED-4A66-BBFE-68A669B8DA2C}.Debug|x86.Build.0 = Debug|Any CPU
		{6BC377EE-F5ED-4A66-BBFE-68A669B8DA2C}.Release|Any CPU.ActiveCfg = Release|Any CPU
		{6BC377EE-F5ED-4A66-BBFE-68A669B8DA2C}.Release|Any CPU.Build.0 = Release|Any CPU
		{6BC377EE-F5ED-4A66-BBFE-68A669B8DA2C}.Release|x86.ActiveCfg = Release|Any CPU
		{6BC377EE-F5ED-4A66-BBFE-68A669B8DA2C}.Release|x86.Build.0 = Release|Any CPU
		{24BA245D-125E-4FE4-B1FF-325B71546E4C}.Debug|Any CPU.ActiveCfg = Debug|Any CPU
		{24BA245D-125E-4FE4-B1FF-325B71546E4C}.Debug|Any CPU.Build.0 = Debug|Any CPU
		{24BA245D-125E-4FE4-B1FF-325B71546E4C}.Debug|x86.ActiveCfg = Debug|Any CPU
		{24BA245D-125E-4FE4-B1FF-325B71546E4C}.Debug|x86.Build.0 = Debug|Any CPU
		{24BA245D-125E-4FE4-B1FF-325B71546E4C}.Release|Any CPU.ActiveCfg = Release|Any CPU
		{24BA245D-125E-4FE4-B1FF-325B71546E4C}.Release|Any CPU.Build.0 = Release|Any CPU
		{24BA245D-125E-4FE4-B1FF-325B71546E4C}.Release|x86.ActiveCfg = Release|Any CPU
		{24BA245D-125E-4FE4-B1FF-325B71546E4C}.Release|x86.Build.0 = Release|Any CPU
		{2FA9476A-8780-44CF-A4E8-5EEB1E00D184}.Debug|Any CPU.ActiveCfg = Debug|Any CPU
		{2FA9476A-8780-44CF-A4E8-5EEB1E00D184}.Debug|Any CPU.Build.0 = Debug|Any CPU
		{2FA9476A-8780-44CF-A4E8-5EEB1E00D184}.Debug|x86.ActiveCfg = Debug|Any CPU
		{2FA9476A-8780-44CF-A4E8-5EEB1E00D184}.Debug|x86.Build.0 = Debug|Any CPU
		{2FA9476A-8780-44CF-A4E8-5EEB1E00D184}.Release|Any CPU.ActiveCfg = Release|Any CPU
		{2FA9476A-8780-44CF-A4E8-5EEB1E00D184}.Release|Any CPU.Build.0 = Release|Any CPU
		{2FA9476A-8780-44CF-A4E8-5EEB1E00D184}.Release|x86.ActiveCfg = Release|Any CPU
		{2FA9476A-8780-44CF-A4E8-5EEB1E00D184}.Release|x86.Build.0 = Release|Any CPU
		{02FDA308-BE9D-424E-950E-D86E72F4C16C}.Debug|Any CPU.ActiveCfg = Debug|Any CPU
		{02FDA308-BE9D-424E-950E-D86E72F4C16C}.Debug|Any CPU.Build.0 = Debug|Any CPU
		{02FDA308-BE9D-424E-950E-D86E72F4C16C}.Debug|x86.ActiveCfg = Debug|Any CPU
		{02FDA308-BE9D-424E-950E-D86E72F4C16C}.Debug|x86.Build.0 = Debug|Any CPU
		{02FDA308-BE9D-424E-950E-D86E72F4C16C}.Release|Any CPU.ActiveCfg = Release|Any CPU
		{02FDA308-BE9D-424E-950E-D86E72F4C16C}.Release|Any CPU.Build.0 = Release|Any CPU
		{02FDA308-BE9D-424E-950E-D86E72F4C16C}.Release|x86.ActiveCfg = Release|Any CPU
		{02FDA308-BE9D-424E-950E-D86E72F4C16C}.Release|x86.Build.0 = Release|Any CPU
		{4F1EC287-9873-4A1A-BB2E-6343B5237A91}.Debug|Any CPU.ActiveCfg = Debug|Any CPU
		{4F1EC287-9873-4A1A-BB2E-6343B5237A91}.Debug|Any CPU.Build.0 = Debug|Any CPU
		{4F1EC287-9873-4A1A-BB2E-6343B5237A91}.Debug|x86.ActiveCfg = Debug|Any CPU
		{4F1EC287-9873-4A1A-BB2E-6343B5237A91}.Debug|x86.Build.0 = Debug|Any CPU
		{4F1EC287-9873-4A1A-BB2E-6343B5237A91}.Release|Any CPU.ActiveCfg = Release|Any CPU
		{4F1EC287-9873-4A1A-BB2E-6343B5237A91}.Release|Any CPU.Build.0 = Release|Any CPU
		{4F1EC287-9873-4A1A-BB2E-6343B5237A91}.Release|x86.ActiveCfg = Release|Any CPU
		{4F1EC287-9873-4A1A-BB2E-6343B5237A91}.Release|x86.Build.0 = Release|Any CPU
		{822016C1-52B8-449C-BE7A-D3ABA943B8B6}.Debug|Any CPU.ActiveCfg = Debug|Any CPU
		{822016C1-52B8-449C-BE7A-D3ABA943B8B6}.Debug|Any CPU.Build.0 = Debug|Any CPU
		{822016C1-52B8-449C-BE7A-D3ABA943B8B6}.Debug|x86.ActiveCfg = Debug|Any CPU
		{822016C1-52B8-449C-BE7A-D3ABA943B8B6}.Debug|x86.Build.0 = Debug|Any CPU
		{822016C1-52B8-449C-BE7A-D3ABA943B8B6}.Release|Any CPU.ActiveCfg = Release|Any CPU
		{822016C1-52B8-449C-BE7A-D3ABA943B8B6}.Release|Any CPU.Build.0 = Release|Any CPU
		{822016C1-52B8-449C-BE7A-D3ABA943B8B6}.Release|x86.ActiveCfg = Release|Any CPU
		{822016C1-52B8-449C-BE7A-D3ABA943B8B6}.Release|x86.Build.0 = Release|Any CPU
		{485C42A7-B359-4091-9BE7-7B8E99A8D7EA}.Debug|Any CPU.ActiveCfg = Debug|Any CPU
		{485C42A7-B359-4091-9BE7-7B8E99A8D7EA}.Debug|Any CPU.Build.0 = Debug|Any CPU
		{485C42A7-B359-4091-9BE7-7B8E99A8D7EA}.Debug|x86.ActiveCfg = Debug|Any CPU
		{485C42A7-B359-4091-9BE7-7B8E99A8D7EA}.Debug|x86.Build.0 = Debug|Any CPU
		{485C42A7-B359-4091-9BE7-7B8E99A8D7EA}.Release|Any CPU.ActiveCfg = Release|Any CPU
		{485C42A7-B359-4091-9BE7-7B8E99A8D7EA}.Release|Any CPU.Build.0 = Release|Any CPU
		{485C42A7-B359-4091-9BE7-7B8E99A8D7EA}.Release|x86.ActiveCfg = Release|Any CPU
		{485C42A7-B359-4091-9BE7-7B8E99A8D7EA}.Release|x86.Build.0 = Release|Any CPU
		{843057E6-2FC0-4C78-AAB3-197C60AE72BF}.Debug|Any CPU.ActiveCfg = Debug|Any CPU
		{843057E6-2FC0-4C78-AAB3-197C60AE72BF}.Debug|Any CPU.Build.0 = Debug|Any CPU
		{843057E6-2FC0-4C78-AAB3-197C60AE72BF}.Debug|x86.ActiveCfg = Debug|Any CPU
		{843057E6-2FC0-4C78-AAB3-197C60AE72BF}.Debug|x86.Build.0 = Debug|Any CPU
		{843057E6-2FC0-4C78-AAB3-197C60AE72BF}.Release|Any CPU.ActiveCfg = Release|Any CPU
		{843057E6-2FC0-4C78-AAB3-197C60AE72BF}.Release|Any CPU.Build.0 = Release|Any CPU
		{843057E6-2FC0-4C78-AAB3-197C60AE72BF}.Release|x86.ActiveCfg = Release|Any CPU
		{843057E6-2FC0-4C78-AAB3-197C60AE72BF}.Release|x86.Build.0 = Release|Any CPU
		{33307FFA-F1C3-49EB-8ECF-AEC6C72E89A1}.Debug|Any CPU.ActiveCfg = Debug|Any CPU
		{33307FFA-F1C3-49EB-8ECF-AEC6C72E89A1}.Debug|Any CPU.Build.0 = Debug|Any CPU
		{33307FFA-F1C3-49EB-8ECF-AEC6C72E89A1}.Debug|x86.ActiveCfg = Debug|Any CPU
		{33307FFA-F1C3-49EB-8ECF-AEC6C72E89A1}.Debug|x86.Build.0 = Debug|Any CPU
		{33307FFA-F1C3-49EB-8ECF-AEC6C72E89A1}.Release|Any CPU.ActiveCfg = Release|Any CPU
		{33307FFA-F1C3-49EB-8ECF-AEC6C72E89A1}.Release|Any CPU.Build.0 = Release|Any CPU
		{33307FFA-F1C3-49EB-8ECF-AEC6C72E89A1}.Release|x86.ActiveCfg = Release|Any CPU
		{33307FFA-F1C3-49EB-8ECF-AEC6C72E89A1}.Release|x86.Build.0 = Release|Any CPU
		{6DE1B712-F0D4-4FE4-8E6F-50704FAC9EA7}.Debug|Any CPU.ActiveCfg = Debug|Any CPU
		{6DE1B712-F0D4-4FE4-8E6F-50704FAC9EA7}.Debug|Any CPU.Build.0 = Debug|Any CPU
		{6DE1B712-F0D4-4FE4-8E6F-50704FAC9EA7}.Debug|x86.ActiveCfg = Debug|Any CPU
		{6DE1B712-F0D4-4FE4-8E6F-50704FAC9EA7}.Debug|x86.Build.0 = Debug|Any CPU
		{6DE1B712-F0D4-4FE4-8E6F-50704FAC9EA7}.Release|Any CPU.ActiveCfg = Release|Any CPU
		{6DE1B712-F0D4-4FE4-8E6F-50704FAC9EA7}.Release|Any CPU.Build.0 = Release|Any CPU
		{6DE1B712-F0D4-4FE4-8E6F-50704FAC9EA7}.Release|x86.ActiveCfg = Release|Any CPU
		{6DE1B712-F0D4-4FE4-8E6F-50704FAC9EA7}.Release|x86.Build.0 = Release|Any CPU
		{8DDC4C62-0407-48CC-9261-C1DA33040C93}.Debug|Any CPU.ActiveCfg = Debug|Any CPU
		{8DDC4C62-0407-48CC-9261-C1DA33040C93}.Debug|Any CPU.Build.0 = Debug|Any CPU
		{8DDC4C62-0407-48CC-9261-C1DA33040C93}.Debug|x86.ActiveCfg = Debug|Any CPU
		{8DDC4C62-0407-48CC-9261-C1DA33040C93}.Debug|x86.Build.0 = Debug|Any CPU
		{8DDC4C62-0407-48CC-9261-C1DA33040C93}.Release|Any CPU.ActiveCfg = Release|Any CPU
		{8DDC4C62-0407-48CC-9261-C1DA33040C93}.Release|Any CPU.Build.0 = Release|Any CPU
		{8DDC4C62-0407-48CC-9261-C1DA33040C93}.Release|x86.ActiveCfg = Release|Any CPU
		{8DDC4C62-0407-48CC-9261-C1DA33040C93}.Release|x86.Build.0 = Release|Any CPU
		{16EF10F9-DAC3-4496-98C8-0BFB5E1698E7}.Debug|Any CPU.ActiveCfg = Debug|Any CPU
		{16EF10F9-DAC3-4496-98C8-0BFB5E1698E7}.Debug|Any CPU.Build.0 = Debug|Any CPU
		{16EF10F9-DAC3-4496-98C8-0BFB5E1698E7}.Debug|x86.ActiveCfg = Debug|Any CPU
		{16EF10F9-DAC3-4496-98C8-0BFB5E1698E7}.Debug|x86.Build.0 = Debug|Any CPU
		{16EF10F9-DAC3-4496-98C8-0BFB5E1698E7}.Release|Any CPU.ActiveCfg = Release|Any CPU
		{16EF10F9-DAC3-4496-98C8-0BFB5E1698E7}.Release|Any CPU.Build.0 = Release|Any CPU
		{16EF10F9-DAC3-4496-98C8-0BFB5E1698E7}.Release|x86.ActiveCfg = Release|Any CPU
		{16EF10F9-DAC3-4496-98C8-0BFB5E1698E7}.Release|x86.Build.0 = Release|Any CPU
		{6DAC1D1F-8265-4DE3-B5A0-D39C3493B521}.Debug|Any CPU.ActiveCfg = Debug|Any CPU
		{6DAC1D1F-8265-4DE3-B5A0-D39C3493B521}.Debug|Any CPU.Build.0 = Debug|Any CPU
		{6DAC1D1F-8265-4DE3-B5A0-D39C3493B521}.Debug|x86.ActiveCfg = Debug|Any CPU
		{6DAC1D1F-8265-4DE3-B5A0-D39C3493B521}.Debug|x86.Build.0 = Debug|Any CPU
		{6DAC1D1F-8265-4DE3-B5A0-D39C3493B521}.Release|Any CPU.ActiveCfg = Release|Any CPU
		{6DAC1D1F-8265-4DE3-B5A0-D39C3493B521}.Release|Any CPU.Build.0 = Release|Any CPU
		{6DAC1D1F-8265-4DE3-B5A0-D39C3493B521}.Release|x86.ActiveCfg = Release|Any CPU
		{6DAC1D1F-8265-4DE3-B5A0-D39C3493B521}.Release|x86.Build.0 = Release|Any CPU
		{D4D4DC84-983D-4B9E-8253-1F6D8AEE02E2}.Debug|Any CPU.ActiveCfg = Debug|Any CPU
		{D4D4DC84-983D-4B9E-8253-1F6D8AEE02E2}.Debug|Any CPU.Build.0 = Debug|Any CPU
		{D4D4DC84-983D-4B9E-8253-1F6D8AEE02E2}.Debug|x86.ActiveCfg = Debug|Any CPU
		{D4D4DC84-983D-4B9E-8253-1F6D8AEE02E2}.Debug|x86.Build.0 = Debug|Any CPU
		{D4D4DC84-983D-4B9E-8253-1F6D8AEE02E2}.Release|Any CPU.ActiveCfg = Release|Any CPU
		{D4D4DC84-983D-4B9E-8253-1F6D8AEE02E2}.Release|Any CPU.Build.0 = Release|Any CPU
		{D4D4DC84-983D-4B9E-8253-1F6D8AEE02E2}.Release|x86.ActiveCfg = Release|Any CPU
		{D4D4DC84-983D-4B9E-8253-1F6D8AEE02E2}.Release|x86.Build.0 = Release|Any CPU
		{884D67EC-0142-4425-9FD2-1D562407FE27}.Debug|Any CPU.ActiveCfg = Debug|Any CPU
		{884D67EC-0142-4425-9FD2-1D562407FE27}.Debug|Any CPU.Build.0 = Debug|Any CPU
		{884D67EC-0142-4425-9FD2-1D562407FE27}.Debug|x86.ActiveCfg = Debug|Any CPU
		{884D67EC-0142-4425-9FD2-1D562407FE27}.Debug|x86.Build.0 = Debug|Any CPU
		{884D67EC-0142-4425-9FD2-1D562407FE27}.Release|Any CPU.ActiveCfg = Release|Any CPU
		{884D67EC-0142-4425-9FD2-1D562407FE27}.Release|Any CPU.Build.0 = Release|Any CPU
		{884D67EC-0142-4425-9FD2-1D562407FE27}.Release|x86.ActiveCfg = Release|Any CPU
		{884D67EC-0142-4425-9FD2-1D562407FE27}.Release|x86.Build.0 = Release|Any CPU
		{9334CD5A-D40B-414B-9771-544D2C76DFF6}.Debug|Any CPU.ActiveCfg = Debug|Any CPU
		{9334CD5A-D40B-414B-9771-544D2C76DFF6}.Debug|Any CPU.Build.0 = Debug|Any CPU
		{9334CD5A-D40B-414B-9771-544D2C76DFF6}.Debug|x86.ActiveCfg = Debug|Any CPU
		{9334CD5A-D40B-414B-9771-544D2C76DFF6}.Debug|x86.Build.0 = Debug|Any CPU
		{9334CD5A-D40B-414B-9771-544D2C76DFF6}.Release|Any CPU.ActiveCfg = Release|Any CPU
		{9334CD5A-D40B-414B-9771-544D2C76DFF6}.Release|Any CPU.Build.0 = Release|Any CPU
		{9334CD5A-D40B-414B-9771-544D2C76DFF6}.Release|x86.ActiveCfg = Release|Any CPU
		{9334CD5A-D40B-414B-9771-544D2C76DFF6}.Release|x86.Build.0 = Release|Any CPU
		{95295D11-C5CA-4C18-93EB-2BF79D9E0EF4}.Debug|Any CPU.ActiveCfg = Debug|Any CPU
		{95295D11-C5CA-4C18-93EB-2BF79D9E0EF4}.Debug|Any CPU.Build.0 = Debug|Any CPU
		{95295D11-C5CA-4C18-93EB-2BF79D9E0EF4}.Debug|x86.ActiveCfg = Debug|Any CPU
		{95295D11-C5CA-4C18-93EB-2BF79D9E0EF4}.Debug|x86.Build.0 = Debug|Any CPU
		{95295D11-C5CA-4C18-93EB-2BF79D9E0EF4}.Release|Any CPU.ActiveCfg = Release|Any CPU
		{95295D11-C5CA-4C18-93EB-2BF79D9E0EF4}.Release|Any CPU.Build.0 = Release|Any CPU
		{95295D11-C5CA-4C18-93EB-2BF79D9E0EF4}.Release|x86.ActiveCfg = Release|Any CPU
		{95295D11-C5CA-4C18-93EB-2BF79D9E0EF4}.Release|x86.Build.0 = Release|Any CPU
		{A10D1E18-A242-4372-A426-B40D2A044F37}.Debug|Any CPU.ActiveCfg = Debug|Any CPU
		{A10D1E18-A242-4372-A426-B40D2A044F37}.Debug|Any CPU.Build.0 = Debug|Any CPU
		{A10D1E18-A242-4372-A426-B40D2A044F37}.Debug|x86.ActiveCfg = Debug|Any CPU
		{A10D1E18-A242-4372-A426-B40D2A044F37}.Debug|x86.Build.0 = Debug|Any CPU
		{A10D1E18-A242-4372-A426-B40D2A044F37}.Release|Any CPU.ActiveCfg = Release|Any CPU
		{A10D1E18-A242-4372-A426-B40D2A044F37}.Release|Any CPU.Build.0 = Release|Any CPU
		{A10D1E18-A242-4372-A426-B40D2A044F37}.Release|x86.ActiveCfg = Release|Any CPU
		{A10D1E18-A242-4372-A426-B40D2A044F37}.Release|x86.Build.0 = Release|Any CPU
	EndGlobalSection
	GlobalSection(SolutionProperties) = preSolution
		HideSolutionNode = FALSE
	EndGlobalSection
	GlobalSection(NestedProjects) = preSolution
		{E1C3AA23-3A02-485F-976B-50A96052F00A} = {AE8159BA-937D-4BDB-A5CA-FB8003121AC5}
		{98BBE72D-883B-424B-AE08-8B1F5BE56962} = {F705564A-6956-4675-A941-6ED916ADC0AD}
		{7A8CFAE1-9257-497C-ADB3-7495AAB13EBD} = {0EBAE71A-2E71-46F4-927D-F66D0A4D23F2}
		{9BF01E4A-E112-49B2-B098-19EADBCBCC0A} = {5B17443F-D48D-429E-83E3-2C7DCA8C6ED3}
		{829BF121-B858-4F41-90E0-33AF05DB6D16} = {F705564A-6956-4675-A941-6ED916ADC0AD}
		{2CA9B693-4E23-4571-97E9-96D19017AB42} = {F705564A-6956-4675-A941-6ED916ADC0AD}
		{A8D59F15-E4E7-4B55-9D9F-D851EAD296F0} = {F705564A-6956-4675-A941-6ED916ADC0AD}
		{001A47BF-C8CE-40A7-924A-D749B2355A07} = {F705564A-6956-4675-A941-6ED916ADC0AD}
		{DC17441B-09C1-483E-AA75-60C6F0087A64} = {F705564A-6956-4675-A941-6ED916ADC0AD}
		{7BCEECC7-8975-4B30-BA8F-75810680FB89} = {5B17443F-D48D-429E-83E3-2C7DCA8C6ED3}
		{65C72C05-62F9-4956-90C8-1671A2D4471C} = {5B17443F-D48D-429E-83E3-2C7DCA8C6ED3}
		{054CD5C7-D5DA-4F5E-B3A1-BBEC3B22C145} = {F705564A-6956-4675-A941-6ED916ADC0AD}
		{135A4FAC-6A95-40FE-9A50-FC468A6CAEFA} = {0EBAE71A-2E71-46F4-927D-F66D0A4D23F2}
		{5FE8976E-B869-4148-92DD-91AD9F3642CA} = {0EBAE71A-2E71-46F4-927D-F66D0A4D23F2}
		{308020D4-60F1-4DB5-AFE5-759920FE0793} = {0EBAE71A-2E71-46F4-927D-F66D0A4D23F2}
		{5E7376A5-39E2-4607-9783-094875794303} = {0EBAE71A-2E71-46F4-927D-F66D0A4D23F2}
		{8BD1969D-7C08-4193-B221-D588734B2292} = {F705564A-6956-4675-A941-6ED916ADC0AD}
		{5D996BEE-BD2A-427A-808B-98EE1F397AE5} = {F705564A-6956-4675-A941-6ED916ADC0AD}
		{02887DBB-12F0-40A7-B5ED-B30B18C503F3} = {5B17443F-D48D-429E-83E3-2C7DCA8C6ED3}
		{12C70AD0-0172-48B3-B7B7-560B157887E7} = {5B17443F-D48D-429E-83E3-2C7DCA8C6ED3}
		{D8D9E743-7DE8-4865-B169-1253AC6732F8} = {0EBAE71A-2E71-46F4-927D-F66D0A4D23F2}
		{8E978054-B515-4581-B65D-DCB7DC7C3D52} = {F705564A-6956-4675-A941-6ED916ADC0AD}
		{6BC377EE-F5ED-4A66-BBFE-68A669B8DA2C} = {49E3D49C-EC26-42F7-B67D-742F8692E11E}
		{24BA245D-125E-4FE4-B1FF-325B71546E4C} = {49E3D49C-EC26-42F7-B67D-742F8692E11E}
		{2FA9476A-8780-44CF-A4E8-5EEB1E00D184} = {49E3D49C-EC26-42F7-B67D-742F8692E11E}
		{02FDA308-BE9D-424E-950E-D86E72F4C16C} = {AE8159BA-937D-4BDB-A5CA-FB8003121AC5}
		{4F1EC287-9873-4A1A-BB2E-6343B5237A91} = {F705564A-6956-4675-A941-6ED916ADC0AD}
		{822016C1-52B8-449C-BE7A-D3ABA943B8B6} = {5B17443F-D48D-429E-83E3-2C7DCA8C6ED3}
		{485C42A7-B359-4091-9BE7-7B8E99A8D7EA} = {5B17443F-D48D-429E-83E3-2C7DCA8C6ED3}
		{843057E6-2FC0-4C78-AAB3-197C60AE72BF} = {F705564A-6956-4675-A941-6ED916ADC0AD}
		{33307FFA-F1C3-49EB-8ECF-AEC6C72E89A1} = {F705564A-6956-4675-A941-6ED916ADC0AD}
		{6DE1B712-F0D4-4FE4-8E6F-50704FAC9EA7} = {5B17443F-D48D-429E-83E3-2C7DCA8C6ED3}
		{8DDC4C62-0407-48CC-9261-C1DA33040C93} = {5B17443F-D48D-429E-83E3-2C7DCA8C6ED3}
		{16EF10F9-DAC3-4496-98C8-0BFB5E1698E7} = {5B17443F-D48D-429E-83E3-2C7DCA8C6ED3}
		{6DAC1D1F-8265-4DE3-B5A0-D39C3493B521} = {F705564A-6956-4675-A941-6ED916ADC0AD}
		{D4D4DC84-983D-4B9E-8253-1F6D8AEE02E2} = {F705564A-6956-4675-A941-6ED916ADC0AD}
		{884D67EC-0142-4425-9FD2-1D562407FE27} = {5B17443F-D48D-429E-83E3-2C7DCA8C6ED3}
		{9334CD5A-D40B-414B-9771-544D2C76DFF6} = {5B17443F-D48D-429E-83E3-2C7DCA8C6ED3}
		{95295D11-C5CA-4C18-93EB-2BF79D9E0EF4} = {5B17443F-D48D-429E-83E3-2C7DCA8C6ED3}
		{A10D1E18-A242-4372-A426-B40D2A044F37} = {5B17443F-D48D-429E-83E3-2C7DCA8C6ED3}
	EndGlobalSection
	GlobalSection(ExtensibilityGlobals) = postSolution
		SolutionGuid = {FF204A88-D467-4D27-816B-E8B2C30CA74F}
	EndGlobalSection
	GlobalSection(Performance) = preSolution
		HasPerformanceSessions = true
	EndGlobalSection
EndGlobal
