
Microsoft Visual Studio Solution File, Format Version 12.00
# Visual Studio 14
VisualStudioVersion = 14.0.25123.0
MinimumVisualStudioVersion = 10.0.40219.1
Project("{FAE04EC0-301F-11D3-BF4B-00C04F79EFBC}") = "GerberMover", "GerberMover\GerberMover.csproj", "{A8D59F15-E4E7-4B55-9D9F-D851EAD296F0}"
EndProject
Project("{FAE04EC0-301F-11D3-BF4B-00C04F79EFBC}") = "GerberCombiner", "GerberCombiner\GerberCombiner.csproj", "{2CA9B693-4E23-4571-97E9-96D19017AB42}"
EndProject
Project("{FAE04EC0-301F-11D3-BF4B-00C04F79EFBC}") = "GerberToImage", "..\GerberToImage\GerberToImage.csproj", "{DC17441B-09C1-483E-AA75-60C6F0087A64}"
EndProject
Project("{FAE04EC0-301F-11D3-BF4B-00C04F79EFBC}") = "GerberAnalyse", "..\GerberAnalyse\GerberAnalyse.csproj", "{829BF121-B858-4F41-90E0-33AF05DB6D16}"
EndProject
Project("{FAE04EC0-301F-11D3-BF4B-00C04F79EFBC}") = "Viewer", "..\Viewer\Viewer.csproj", "{87D03132-FF7F-4657-BDB9-F85107DC5C83}"
	ProjectSection(ProjectDependencies) = postProject
		{04EC2CA7-0434-4A8C-AA0E-5E23D023A654} = {04EC2CA7-0434-4A8C-AA0E-5E23D023A654}
	EndProjectSection
EndProject
Project("{8BC9CEB8-8B4A-11D0-8D11-00A0C91BC942}") = "GPC", "..\GPC\GPC.vcxproj", "{04EC2CA7-0434-4A8C-AA0E-5E23D023A654}"
EndProject
Project("{FAE04EC0-301F-11D3-BF4B-00C04F79EFBC}") = "OSHStencilMerger", "..\OSHStencilMerger\OSHStencilMerger.csproj", "{2596D59A-8438-4F23-881C-D93970A4F94E}"
EndProject
Project("{2150E333-8FDC-42A3-9474-1A3956D46DE8}") = "OSHStencils", "OSHStencils", "{B9C0EA94-CAED-4B50-8250-56583F0775E5}"
EndProject
Project("{2150E333-8FDC-42A3-9474-1A3956D46DE8}") = "Libraries", "Libraries", "{E55ED9FD-E683-472E-8281-5F3C0AC1F2B0}"
EndProject
Project("{2150E333-8FDC-42A3-9474-1A3956D46DE8}") = "CommandlineTools", "CommandlineTools", "{40FD3832-6852-463C-8F95-81122F7FA449}"
EndProject
Project("{2150E333-8FDC-42A3-9474-1A3956D46DE8}") = "Applications", "Applications", "{195D8AF3-4BEE-4C9F-AE6F-953ABD64A390}"
EndProject
Project("{FAE04EC0-301F-11D3-BF4B-00C04F79EFBC}") = "OSHStencilComponents", "OSHStencilComponents\OSHStencilComponents.csproj", "{867AEAE3-E64C-40E9-A84E-DB368478C0E0}"
EndProject
Project("{FAE04EC0-301F-11D3-BF4B-00C04F79EFBC}") = "OSHStencilGerberToBigImage", "OSHStencilGerberToBigImage\OSHStencilGerberToBigImage.csproj", "{489171B2-F8E3-470D-920E-7724F9374C14}"
EndProject
Project("{FAE04EC0-301F-11D3-BF4B-00C04F79EFBC}") = "OSHStencilGerberToHPGL", "OSHStencilGerberToHPGL\OSHStencilGerberToHPGL.csproj", "{76856712-C516-4FDC-A50A-9FD719E637B4}"
EndProject
Project("{FAE04EC0-301F-11D3-BF4B-00C04F79EFBC}") = "QuickFont", "..\QuickFont\QuickFont.csproj", "{BBECE6FC-EF63-40F8-A734-A500D1DFC1AF}"
EndProject
Project("{FAE04EC0-301F-11D3-BF4B-00C04F79EFBC}") = "GerberArtLayerBuilder", "..\GerberArtLayerBuilder\GerberArtLayerBuilder.csproj", "{BC335BC5-C0F2-40EE-B938-745F6C1922A9}"
EndProject
Project("{FAE04EC0-301F-11D3-BF4B-00C04F79EFBC}") = "AperturePreviewer", "..\MacroPreviewer\AperturePreviewer.csproj", "{196B624D-7278-4392-A0EB-5060986D912F}"
EndProject
Project("{FAE04EC0-301F-11D3-BF4B-00C04F79EFBC}") = "EagleLibraryLoaderDemo", "EagleLibraryLoaderDemo\EagleLibraryLoaderDemo.csproj", "{769E3305-84A2-4549-9C8D-10B4656B7C81}"
EndProject
Project("{FAE04EC0-301F-11D3-BF4B-00C04F79EFBC}") = "EagleLoaders", "EagleLoaders\EagleLoaders.csproj", "{B4686D31-46CF-4A12-8FD8-32A9EB817B4B}"
EndProject
Project("{FAE04EC0-301F-11D3-BF4B-00C04F79EFBC}") = "OSHStencilMagickImageBuilder", "..\OSHStencilMagickImageBuilder\OSHStencilMagickImageBuilder.csproj", "{7FAF2014-7D65-4439-AECE-D4ED37C4CBDC}"
EndProject
Project("{FAE04EC0-301F-11D3-BF4B-00C04F79EFBC}") = "OSHStencilCairoImageBuilder", "OSHStencilCairoImageBuilder\OSHStencilCairoImageBuilder.csproj", "{6554FE9C-C9D5-4ECD-97C4-818966959B65}"
EndProject
Project("{FAE04EC0-301F-11D3-BF4B-00C04F79EFBC}") = "OSHStencilBorderBuilder", "..\OSHStencilBorderBuilder\OSHStencilBorderBuilder.csproj", "{1EDD92C8-8EBB-41AD-8786-A5EB350D886F}"
EndProject
Project("{FAE04EC0-301F-11D3-BF4B-00C04F79EFBC}") = "ProtoBoardGenerator", "..\ProtoBoardGenerator\ProtoBoardGenerator\ProtoBoardGenerator.csproj", "{054CD5C7-D5DA-4F5E-B3A1-BBEC3B22C145}"
EndProject
Project("{FAE04EC0-301F-11D3-BF4B-00C04F79EFBC}") = "FontDumper", "..\FontDumper\FontDumper.csproj", "{96C508C0-D0E4-4B82-BCBB-D14E48C4F60B}"
EndProject
Project("{FAE04EC0-301F-11D3-BF4B-00C04F79EFBC}") = "NFCAntennaBuilder", "..\AntennaBuilder\NFCAntennaBuilder.csproj", "{98BBE72D-883B-424B-AE08-8B1F5BE56962}"
EndProject
Project("{FAE04EC0-301F-11D3-BF4B-00C04F79EFBC}") = "OSHStencilPrinter", "OSHStencilPrinter\OSHStencilPrinter.csproj", "{D4B2D2DA-0B55-4402-93AA-C012243F9D6B}"
EndProject
Project("{FAE04EC0-301F-11D3-BF4B-00C04F79EFBC}") = "ArtTest", "..\ArtTest\ArtTest.csproj", "{432CA76D-5F81-4618-86FB-B65BED052538}"
EndProject
Project("{2150E333-8FDC-42A3-9474-1A3956D46DE8}") = "Solution Items", "Solution Items", "{C605647F-09AF-4C2E-8C70-7298A650037E}"
EndProject
Project("{FAE04EC0-301F-11D3-BF4B-00C04F79EFBC}") = "PanelBuilder", "..\PanelBuilder\PanelBuilder.csproj", "{726228C1-6E97-45BF-A4BC-AD12EFD354DA}"
EndProject
Project("{FAE04EC0-301F-11D3-BF4B-00C04F79EFBC}") = "OSHStencilGerberInfo", "..\GerberInfo\OSHStencilGerberInfo.csproj", "{4F71FE8B-668D-4FC0-BC1B-0F4D40BC577E}"
EndProject
Project("{FAE04EC0-301F-11D3-BF4B-00C04F79EFBC}") = "OSHStencilJigBuilder", "OSHStencilJigBuilder\OSHStencilJigBuilder.csproj", "{FD4334F5-180F-4AC3-B23B-39DA8B322FAA}"
EndProject
Project("{FAE04EC0-301F-11D3-BF4B-00C04F79EFBC}") = "CamRunner", "CamRunner\CamRunner.csproj", "{3BA4BFED-0859-4047-A784-28BE4474D957}"
EndProject
Project("{FAE04EC0-301F-11D3-BF4B-00C04F79EFBC}") = "TimesTableCircle", "TimesTableCircle\TimesTableCircle.csproj", "{CC4919A0-BBFA-476D-AA57-F1E7393C8E0D}"
EndProject
Project("{FAE04EC0-301F-11D3-BF4B-00C04F79EFBC}") = "DXFtoGerber", "DXFtoGerber\DXFtoGerber.csproj", "{D0935144-D348-4F66-B7C5-455FD1FFE561}"
EndProject
Project("{FAE04EC0-301F-11D3-BF4B-00C04F79EFBC}") = "Gallifreyan", "Gallifreyan\Gallifreyan.csproj", "{58D5F345-14DB-4784-9CD0-C27088B14CE0}"
EndProject
Project("{FAE04EC0-301F-11D3-BF4B-00C04F79EFBC}") = "GerberToDXF", "..\GerberToDXF\GerberToDXF.csproj", "{F627C81D-AEB5-447B-9A11-AB14B0E88CAE}"
EndProject
Project("{FAE04EC0-301F-11D3-BF4B-00C04F79EFBC}") = "FrontPanelImageToGerber", "ImageToGerber\FrontPanelImageToGerber.csproj", "{5D996BEE-BD2A-427A-808B-98EE1F397AE5}"
EndProject
Project("{FAE04EC0-301F-11D3-BF4B-00C04F79EFBC}") = "EvaluationTester", "..\EvaluationTester\EvaluationTester.csproj", "{696369DF-C688-4E26-9903-87DF7B1197ED}"
EndProject
Project("{FAE04EC0-301F-11D3-BF4B-00C04F79EFBC}") = "OSHApertureAnalysis", "..\OSHApertureAnalysis\OSHApertureAnalysis.csproj", "{534A6043-67E3-47EB-B12A-B4A7136936CE}"
EndProject
Project("{FAE04EC0-301F-11D3-BF4B-00C04F79EFBC}") = "netDxf", "..\NetDXF\netDxf\netDxf.csproj", "{785380E0-CEB9-4C34-82E5-60D0E33E848E}"
EndProject
Project("{FAE04EC0-301F-11D3-BF4B-00C04F79EFBC}") = "GerberSanitize", "..\GerberSanitize\GerberSanitize.csproj", "{001A47BF-C8CE-40A7-924A-D749B2355A07}"
EndProject
Project("{FAE04EC0-301F-11D3-BF4B-00C04F79EFBC}") = "ProductionFrame", "..\ProductionFrame\ProductionFrame.csproj", "{65C72C05-62F9-4956-90C8-1671A2D4471C}"
EndProject
Project("{FAE04EC0-301F-11D3-BF4B-00C04F79EFBC}") = "Routing", "..\Routing\Routing.csproj", "{1C41C827-B033-41B7-84C9-BCE70B9C8FC9}"
EndProject
Project("{FAE04EC0-301F-11D3-BF4B-00C04F79EFBC}") = "Triangle", "..\Routing\Triangle.NET\Triangle\Triangle.csproj", "{F7907A0A-B75F-400B-9E78-BFAD00DB4D6B}"
EndProject
Project("{FAE04EC0-301F-11D3-BF4B-00C04F79EFBC}") = "QuickGerberRender", "..\WindowsFormsApplication1\QuickGerberRender.csproj", "{7BCEECC7-8975-4B30-BA8F-75810680FB89}"
EndProject
Project("{2150E333-8FDC-42A3-9474-1A3956D46DE8}") = "DirtyPCBs", "DirtyPCBs", "{9D00FFE6-2CE1-4586-8523-E7540CB6C819}"
EndProject
Project("{FAE04EC0-301F-11D3-BF4B-00C04F79EFBC}") = "DirtyPCB_BoardRender", "..\DirtyPCB_BoardRender\DirtyPCB_BoardRender.csproj", "{7A8CFAE1-9257-497C-ADB3-7495AAB13EBD}"
EndProject
Project("{FAE04EC0-301F-11D3-BF4B-00C04F79EFBC}") = "GerberLibrary", "..\GitHubProject\GerberLibrary\GerberLibrary.csproj", "{E1C3AA23-3A02-485F-976B-50A96052F00A}"
EndProject
Global
	GlobalSection(SolutionConfigurationPlatforms) = preSolution
		Debug|Any CPU = Debug|Any CPU
		Debug|Mixed Platforms = Debug|Mixed Platforms
		Debug|Win32 = Debug|Win32
		Debug|x86 = Debug|x86
		Release|Any CPU = Release|Any CPU
		Release|Mixed Platforms = Release|Mixed Platforms
		Release|Win32 = Release|Win32
		Release|x86 = Release|x86
	EndGlobalSection
	GlobalSection(ProjectConfigurationPlatforms) = postSolution
		{A8D59F15-E4E7-4B55-9D9F-D851EAD296F0}.Debug|Any CPU.ActiveCfg = Debug|Any CPU
		{A8D59F15-E4E7-4B55-9D9F-D851EAD296F0}.Debug|Any CPU.Build.0 = Debug|Any CPU
		{A8D59F15-E4E7-4B55-9D9F-D851EAD296F0}.Debug|Mixed Platforms.ActiveCfg = Debug|Any CPU
		{A8D59F15-E4E7-4B55-9D9F-D851EAD296F0}.Debug|Mixed Platforms.Build.0 = Debug|Any CPU
		{A8D59F15-E4E7-4B55-9D9F-D851EAD296F0}.Debug|Win32.ActiveCfg = Debug|Any CPU
		{A8D59F15-E4E7-4B55-9D9F-D851EAD296F0}.Debug|x86.ActiveCfg = Debug|Any CPU
		{A8D59F15-E4E7-4B55-9D9F-D851EAD296F0}.Release|Any CPU.ActiveCfg = Release|Any CPU
		{A8D59F15-E4E7-4B55-9D9F-D851EAD296F0}.Release|Any CPU.Build.0 = Release|Any CPU
		{A8D59F15-E4E7-4B55-9D9F-D851EAD296F0}.Release|Mixed Platforms.ActiveCfg = Release|Any CPU
		{A8D59F15-E4E7-4B55-9D9F-D851EAD296F0}.Release|Mixed Platforms.Build.0 = Release|Any CPU
		{A8D59F15-E4E7-4B55-9D9F-D851EAD296F0}.Release|Win32.ActiveCfg = Release|Any CPU
		{A8D59F15-E4E7-4B55-9D9F-D851EAD296F0}.Release|x86.ActiveCfg = Release|Any CPU
		{2CA9B693-4E23-4571-97E9-96D19017AB42}.Debug|Any CPU.ActiveCfg = Debug|Any CPU
		{2CA9B693-4E23-4571-97E9-96D19017AB42}.Debug|Any CPU.Build.0 = Debug|Any CPU
		{2CA9B693-4E23-4571-97E9-96D19017AB42}.Debug|Mixed Platforms.ActiveCfg = Debug|Any CPU
		{2CA9B693-4E23-4571-97E9-96D19017AB42}.Debug|Mixed Platforms.Build.0 = Debug|Any CPU
		{2CA9B693-4E23-4571-97E9-96D19017AB42}.Debug|Win32.ActiveCfg = Debug|Any CPU
		{2CA9B693-4E23-4571-97E9-96D19017AB42}.Debug|x86.ActiveCfg = Debug|Any CPU
		{2CA9B693-4E23-4571-97E9-96D19017AB42}.Release|Any CPU.ActiveCfg = Release|Any CPU
		{2CA9B693-4E23-4571-97E9-96D19017AB42}.Release|Any CPU.Build.0 = Release|Any CPU
		{2CA9B693-4E23-4571-97E9-96D19017AB42}.Release|Mixed Platforms.ActiveCfg = Release|Any CPU
		{2CA9B693-4E23-4571-97E9-96D19017AB42}.Release|Mixed Platforms.Build.0 = Release|Any CPU
		{2CA9B693-4E23-4571-97E9-96D19017AB42}.Release|Win32.ActiveCfg = Release|Any CPU
		{2CA9B693-4E23-4571-97E9-96D19017AB42}.Release|x86.ActiveCfg = Release|Any CPU
		{DC17441B-09C1-483E-AA75-60C6F0087A64}.Debug|Any CPU.ActiveCfg = Debug|Any CPU
		{DC17441B-09C1-483E-AA75-60C6F0087A64}.Debug|Any CPU.Build.0 = Debug|Any CPU
		{DC17441B-09C1-483E-AA75-60C6F0087A64}.Debug|Mixed Platforms.ActiveCfg = Debug|x86
		{DC17441B-09C1-483E-AA75-60C6F0087A64}.Debug|Mixed Platforms.Build.0 = Debug|x86
		{DC17441B-09C1-483E-AA75-60C6F0087A64}.Debug|Win32.ActiveCfg = Debug|x86
		{DC17441B-09C1-483E-AA75-60C6F0087A64}.Debug|Win32.Build.0 = Debug|x86
		{DC17441B-09C1-483E-AA75-60C6F0087A64}.Debug|x86.ActiveCfg = Debug|Any CPU
		{DC17441B-09C1-483E-AA75-60C6F0087A64}.Release|Any CPU.ActiveCfg = Release|Any CPU
		{DC17441B-09C1-483E-AA75-60C6F0087A64}.Release|Any CPU.Build.0 = Release|Any CPU
		{DC17441B-09C1-483E-AA75-60C6F0087A64}.Release|Mixed Platforms.ActiveCfg = Release|x86
		{DC17441B-09C1-483E-AA75-60C6F0087A64}.Release|Mixed Platforms.Build.0 = Release|x86
		{DC17441B-09C1-483E-AA75-60C6F0087A64}.Release|Win32.ActiveCfg = Release|x86
		{DC17441B-09C1-483E-AA75-60C6F0087A64}.Release|Win32.Build.0 = Release|x86
		{DC17441B-09C1-483E-AA75-60C6F0087A64}.Release|x86.ActiveCfg = Release|x86
		{829BF121-B858-4F41-90E0-33AF05DB6D16}.Debug|Any CPU.ActiveCfg = Debug|Any CPU
		{829BF121-B858-4F41-90E0-33AF05DB6D16}.Debug|Any CPU.Build.0 = Debug|Any CPU
		{829BF121-B858-4F41-90E0-33AF05DB6D16}.Debug|Mixed Platforms.ActiveCfg = Debug|Any CPU
		{829BF121-B858-4F41-90E0-33AF05DB6D16}.Debug|Mixed Platforms.Build.0 = Debug|Any CPU
		{829BF121-B858-4F41-90E0-33AF05DB6D16}.Debug|Win32.ActiveCfg = Debug|Any CPU
		{829BF121-B858-4F41-90E0-33AF05DB6D16}.Debug|x86.ActiveCfg = Debug|Any CPU
		{829BF121-B858-4F41-90E0-33AF05DB6D16}.Release|Any CPU.ActiveCfg = Release|Any CPU
		{829BF121-B858-4F41-90E0-33AF05DB6D16}.Release|Any CPU.Build.0 = Release|Any CPU
		{829BF121-B858-4F41-90E0-33AF05DB6D16}.Release|Mixed Platforms.ActiveCfg = Release|Any CPU
		{829BF121-B858-4F41-90E0-33AF05DB6D16}.Release|Mixed Platforms.Build.0 = Release|Any CPU
		{829BF121-B858-4F41-90E0-33AF05DB6D16}.Release|Win32.ActiveCfg = Release|Any CPU
		{829BF121-B858-4F41-90E0-33AF05DB6D16}.Release|x86.ActiveCfg = Release|Any CPU
		{87D03132-FF7F-4657-BDB9-F85107DC5C83}.Debug|Any CPU.ActiveCfg = Debug|Any CPU
		{87D03132-FF7F-4657-BDB9-F85107DC5C83}.Debug|Any CPU.Build.0 = Debug|Any CPU
		{87D03132-FF7F-4657-BDB9-F85107DC5C83}.Debug|Mixed Platforms.ActiveCfg = Debug|x86
		{87D03132-FF7F-4657-BDB9-F85107DC5C83}.Debug|Mixed Platforms.Build.0 = Debug|x86
		{87D03132-FF7F-4657-BDB9-F85107DC5C83}.Debug|Win32.ActiveCfg = Debug|x86
		{87D03132-FF7F-4657-BDB9-F85107DC5C83}.Debug|Win32.Build.0 = Debug|x86
		{87D03132-FF7F-4657-BDB9-F85107DC5C83}.Debug|x86.ActiveCfg = Debug|x86
		{87D03132-FF7F-4657-BDB9-F85107DC5C83}.Debug|x86.Build.0 = Debug|x86
		{87D03132-FF7F-4657-BDB9-F85107DC5C83}.Release|Any CPU.ActiveCfg = Release|Any CPU
		{87D03132-FF7F-4657-BDB9-F85107DC5C83}.Release|Any CPU.Build.0 = Release|Any CPU
		{87D03132-FF7F-4657-BDB9-F85107DC5C83}.Release|Mixed Platforms.ActiveCfg = Release|x86
		{87D03132-FF7F-4657-BDB9-F85107DC5C83}.Release|Mixed Platforms.Build.0 = Release|x86
		{87D03132-FF7F-4657-BDB9-F85107DC5C83}.Release|Win32.ActiveCfg = Release|x86
		{87D03132-FF7F-4657-BDB9-F85107DC5C83}.Release|Win32.Build.0 = Release|x86
		{87D03132-FF7F-4657-BDB9-F85107DC5C83}.Release|x86.ActiveCfg = Release|x86
		{87D03132-FF7F-4657-BDB9-F85107DC5C83}.Release|x86.Build.0 = Release|x86
		{04EC2CA7-0434-4A8C-AA0E-5E23D023A654}.Debug|Any CPU.ActiveCfg = Debug|Win32
		{04EC2CA7-0434-4A8C-AA0E-5E23D023A654}.Debug|Mixed Platforms.ActiveCfg = Debug|Win32
		{04EC2CA7-0434-4A8C-AA0E-5E23D023A654}.Debug|Mixed Platforms.Build.0 = Debug|Win32
		{04EC2CA7-0434-4A8C-AA0E-5E23D023A654}.Debug|Win32.ActiveCfg = Debug|Win32
		{04EC2CA7-0434-4A8C-AA0E-5E23D023A654}.Debug|Win32.Build.0 = Debug|Win32
		{04EC2CA7-0434-4A8C-AA0E-5E23D023A654}.Debug|x86.ActiveCfg = Debug|Win32
		{04EC2CA7-0434-4A8C-AA0E-5E23D023A654}.Debug|x86.Build.0 = Debug|Win32
		{04EC2CA7-0434-4A8C-AA0E-5E23D023A654}.Release|Any CPU.ActiveCfg = Release|Win32
		{04EC2CA7-0434-4A8C-AA0E-5E23D023A654}.Release|Mixed Platforms.ActiveCfg = Release|Win32
		{04EC2CA7-0434-4A8C-AA0E-5E23D023A654}.Release|Mixed Platforms.Build.0 = Release|Win32
		{04EC2CA7-0434-4A8C-AA0E-5E23D023A654}.Release|Win32.ActiveCfg = Release|Win32
		{04EC2CA7-0434-4A8C-AA0E-5E23D023A654}.Release|Win32.Build.0 = Release|Win32
		{04EC2CA7-0434-4A8C-AA0E-5E23D023A654}.Release|x86.ActiveCfg = Release|Win32
		{04EC2CA7-0434-4A8C-AA0E-5E23D023A654}.Release|x86.Build.0 = Release|Win32
		{2596D59A-8438-4F23-881C-D93970A4F94E}.Debug|Any CPU.ActiveCfg = Debug|Any CPU
		{2596D59A-8438-4F23-881C-D93970A4F94E}.Debug|Any CPU.Build.0 = Debug|Any CPU
		{2596D59A-8438-4F23-881C-D93970A4F94E}.Debug|Mixed Platforms.ActiveCfg = Debug|Any CPU
		{2596D59A-8438-4F23-881C-D93970A4F94E}.Debug|Mixed Platforms.Build.0 = Debug|Any CPU
		{2596D59A-8438-4F23-881C-D93970A4F94E}.Debug|Win32.ActiveCfg = Debug|Any CPU
		{2596D59A-8438-4F23-881C-D93970A4F94E}.Debug|x86.ActiveCfg = Debug|Any CPU
		{2596D59A-8438-4F23-881C-D93970A4F94E}.Release|Any CPU.ActiveCfg = Release|Any CPU
		{2596D59A-8438-4F23-881C-D93970A4F94E}.Release|Any CPU.Build.0 = Release|Any CPU
		{2596D59A-8438-4F23-881C-D93970A4F94E}.Release|Mixed Platforms.ActiveCfg = Release|Any CPU
		{2596D59A-8438-4F23-881C-D93970A4F94E}.Release|Mixed Platforms.Build.0 = Release|Any CPU
		{2596D59A-8438-4F23-881C-D93970A4F94E}.Release|Win32.ActiveCfg = Release|Any CPU
		{2596D59A-8438-4F23-881C-D93970A4F94E}.Release|x86.ActiveCfg = Release|Any CPU
		{867AEAE3-E64C-40E9-A84E-DB368478C0E0}.Debug|Any CPU.ActiveCfg = Debug|Any CPU
		{867AEAE3-E64C-40E9-A84E-DB368478C0E0}.Debug|Any CPU.Build.0 = Debug|Any CPU
		{867AEAE3-E64C-40E9-A84E-DB368478C0E0}.Debug|Mixed Platforms.ActiveCfg = Debug|Any CPU
		{867AEAE3-E64C-40E9-A84E-DB368478C0E0}.Debug|Mixed Platforms.Build.0 = Debug|Any CPU
		{867AEAE3-E64C-40E9-A84E-DB368478C0E0}.Debug|Win32.ActiveCfg = Debug|Any CPU
		{867AEAE3-E64C-40E9-A84E-DB368478C0E0}.Debug|x86.ActiveCfg = Debug|Any CPU
		{867AEAE3-E64C-40E9-A84E-DB368478C0E0}.Release|Any CPU.ActiveCfg = Release|Any CPU
		{867AEAE3-E64C-40E9-A84E-DB368478C0E0}.Release|Any CPU.Build.0 = Release|Any CPU
		{867AEAE3-E64C-40E9-A84E-DB368478C0E0}.Release|Mixed Platforms.ActiveCfg = Release|Any CPU
		{867AEAE3-E64C-40E9-A84E-DB368478C0E0}.Release|Mixed Platforms.Build.0 = Release|Any CPU
		{867AEAE3-E64C-40E9-A84E-DB368478C0E0}.Release|Win32.ActiveCfg = Release|Any CPU
		{867AEAE3-E64C-40E9-A84E-DB368478C0E0}.Release|x86.ActiveCfg = Release|Any CPU
		{489171B2-F8E3-470D-920E-7724F9374C14}.Debug|Any CPU.ActiveCfg = Debug|Any CPU
		{489171B2-F8E3-470D-920E-7724F9374C14}.Debug|Any CPU.Build.0 = Debug|Any CPU
		{489171B2-F8E3-470D-920E-7724F9374C14}.Debug|Mixed Platforms.ActiveCfg = Debug|Any CPU
		{489171B2-F8E3-470D-920E-7724F9374C14}.Debug|Mixed Platforms.Build.0 = Debug|Any CPU
		{489171B2-F8E3-470D-920E-7724F9374C14}.Debug|Win32.ActiveCfg = Debug|Any CPU
		{489171B2-F8E3-470D-920E-7724F9374C14}.Debug|x86.ActiveCfg = Debug|Any CPU
		{489171B2-F8E3-470D-920E-7724F9374C14}.Release|Any CPU.ActiveCfg = Release|Any CPU
		{489171B2-F8E3-470D-920E-7724F9374C14}.Release|Any CPU.Build.0 = Release|Any CPU
		{489171B2-F8E3-470D-920E-7724F9374C14}.Release|Mixed Platforms.ActiveCfg = Release|Any CPU
		{489171B2-F8E3-470D-920E-7724F9374C14}.Release|Mixed Platforms.Build.0 = Release|Any CPU
		{489171B2-F8E3-470D-920E-7724F9374C14}.Release|Win32.ActiveCfg = Release|Any CPU
		{489171B2-F8E3-470D-920E-7724F9374C14}.Release|x86.ActiveCfg = Release|Any CPU
		{76856712-C516-4FDC-A50A-9FD719E637B4}.Debug|Any CPU.ActiveCfg = Debug|Any CPU
		{76856712-C516-4FDC-A50A-9FD719E637B4}.Debug|Any CPU.Build.0 = Debug|Any CPU
		{76856712-C516-4FDC-A50A-9FD719E637B4}.Debug|Mixed Platforms.ActiveCfg = Debug|Any CPU
		{76856712-C516-4FDC-A50A-9FD719E637B4}.Debug|Mixed Platforms.Build.0 = Debug|Any CPU
		{76856712-C516-4FDC-A50A-9FD719E637B4}.Debug|Win32.ActiveCfg = Debug|Any CPU
		{76856712-C516-4FDC-A50A-9FD719E637B4}.Debug|x86.ActiveCfg = Debug|Any CPU
		{76856712-C516-4FDC-A50A-9FD719E637B4}.Release|Any CPU.ActiveCfg = Release|Any CPU
		{76856712-C516-4FDC-A50A-9FD719E637B4}.Release|Any CPU.Build.0 = Release|Any CPU
		{76856712-C516-4FDC-A50A-9FD719E637B4}.Release|Mixed Platforms.ActiveCfg = Release|Any CPU
		{76856712-C516-4FDC-A50A-9FD719E637B4}.Release|Mixed Platforms.Build.0 = Release|Any CPU
		{76856712-C516-4FDC-A50A-9FD719E637B4}.Release|Win32.ActiveCfg = Release|Any CPU
		{76856712-C516-4FDC-A50A-9FD719E637B4}.Release|x86.ActiveCfg = Release|Any CPU
		{BBECE6FC-EF63-40F8-A734-A500D1DFC1AF}.Debug|Any CPU.ActiveCfg = Debug|Any CPU
		{BBECE6FC-EF63-40F8-A734-A500D1DFC1AF}.Debug|Any CPU.Build.0 = Debug|Any CPU
		{BBECE6FC-EF63-40F8-A734-A500D1DFC1AF}.Debug|Mixed Platforms.ActiveCfg = Debug|x86
		{BBECE6FC-EF63-40F8-A734-A500D1DFC1AF}.Debug|Mixed Platforms.Build.0 = Debug|x86
		{BBECE6FC-EF63-40F8-A734-A500D1DFC1AF}.Debug|Win32.ActiveCfg = Debug|x86
		{BBECE6FC-EF63-40F8-A734-A500D1DFC1AF}.Debug|Win32.Build.0 = Debug|x86
		{BBECE6FC-EF63-40F8-A734-A500D1DFC1AF}.Debug|x86.ActiveCfg = Debug|x86
		{BBECE6FC-EF63-40F8-A734-A500D1DFC1AF}.Debug|x86.Build.0 = Debug|x86
		{BBECE6FC-EF63-40F8-A734-A500D1DFC1AF}.Release|Any CPU.ActiveCfg = Release|Any CPU
		{BBECE6FC-EF63-40F8-A734-A500D1DFC1AF}.Release|Any CPU.Build.0 = Release|Any CPU
		{BBECE6FC-EF63-40F8-A734-A500D1DFC1AF}.Release|Mixed Platforms.ActiveCfg = Release|Any CPU
		{BBECE6FC-EF63-40F8-A734-A500D1DFC1AF}.Release|Mixed Platforms.Build.0 = Release|Any CPU
		{BBECE6FC-EF63-40F8-A734-A500D1DFC1AF}.Release|Win32.ActiveCfg = Release|x86
		{BBECE6FC-EF63-40F8-A734-A500D1DFC1AF}.Release|Win32.Build.0 = Release|x86
		{BBECE6FC-EF63-40F8-A734-A500D1DFC1AF}.Release|x86.ActiveCfg = Release|x86
		{BBECE6FC-EF63-40F8-A734-A500D1DFC1AF}.Release|x86.Build.0 = Release|x86
		{BC335BC5-C0F2-40EE-B938-745F6C1922A9}.Debug|Any CPU.ActiveCfg = Debug|Any CPU
		{BC335BC5-C0F2-40EE-B938-745F6C1922A9}.Debug|Any CPU.Build.0 = Debug|Any CPU
		{BC335BC5-C0F2-40EE-B938-745F6C1922A9}.Debug|Mixed Platforms.ActiveCfg = Debug|Any CPU
		{BC335BC5-C0F2-40EE-B938-745F6C1922A9}.Debug|Mixed Platforms.Build.0 = Debug|Any CPU
		{BC335BC5-C0F2-40EE-B938-745F6C1922A9}.Debug|Win32.ActiveCfg = Debug|Any CPU
		{BC335BC5-C0F2-40EE-B938-745F6C1922A9}.Debug|x86.ActiveCfg = Debug|Any CPU
		{BC335BC5-C0F2-40EE-B938-745F6C1922A9}.Release|Any CPU.ActiveCfg = Release|Any CPU
		{BC335BC5-C0F2-40EE-B938-745F6C1922A9}.Release|Any CPU.Build.0 = Release|Any CPU
		{BC335BC5-C0F2-40EE-B938-745F6C1922A9}.Release|Mixed Platforms.ActiveCfg = Release|Any CPU
		{BC335BC5-C0F2-40EE-B938-745F6C1922A9}.Release|Mixed Platforms.Build.0 = Release|Any CPU
		{BC335BC5-C0F2-40EE-B938-745F6C1922A9}.Release|Win32.ActiveCfg = Release|Any CPU
		{BC335BC5-C0F2-40EE-B938-745F6C1922A9}.Release|x86.ActiveCfg = Release|Any CPU
		{196B624D-7278-4392-A0EB-5060986D912F}.Debug|Any CPU.ActiveCfg = Debug|Any CPU
		{196B624D-7278-4392-A0EB-5060986D912F}.Debug|Any CPU.Build.0 = Debug|Any CPU
		{196B624D-7278-4392-A0EB-5060986D912F}.Debug|Mixed Platforms.ActiveCfg = Debug|Any CPU
		{196B624D-7278-4392-A0EB-5060986D912F}.Debug|Mixed Platforms.Build.0 = Debug|Any CPU
		{196B624D-7278-4392-A0EB-5060986D912F}.Debug|Win32.ActiveCfg = Debug|Any CPU
		{196B624D-7278-4392-A0EB-5060986D912F}.Debug|x86.ActiveCfg = Debug|Any CPU
		{196B624D-7278-4392-A0EB-5060986D912F}.Release|Any CPU.ActiveCfg = Release|Any CPU
		{196B624D-7278-4392-A0EB-5060986D912F}.Release|Any CPU.Build.0 = Release|Any CPU
		{196B624D-7278-4392-A0EB-5060986D912F}.Release|Mixed Platforms.ActiveCfg = Release|Any CPU
		{196B624D-7278-4392-A0EB-5060986D912F}.Release|Mixed Platforms.Build.0 = Release|Any CPU
		{196B624D-7278-4392-A0EB-5060986D912F}.Release|Win32.ActiveCfg = Release|Any CPU
		{196B624D-7278-4392-A0EB-5060986D912F}.Release|x86.ActiveCfg = Release|Any CPU
		{769E3305-84A2-4549-9C8D-10B4656B7C81}.Debug|Any CPU.ActiveCfg = Debug|Any CPU
		{769E3305-84A2-4549-9C8D-10B4656B7C81}.Debug|Any CPU.Build.0 = Debug|Any CPU
		{769E3305-84A2-4549-9C8D-10B4656B7C81}.Debug|Mixed Platforms.ActiveCfg = Debug|Any CPU
		{769E3305-84A2-4549-9C8D-10B4656B7C81}.Debug|Mixed Platforms.Build.0 = Debug|Any CPU
		{769E3305-84A2-4549-9C8D-10B4656B7C81}.Debug|Win32.ActiveCfg = Debug|Any CPU
		{769E3305-84A2-4549-9C8D-10B4656B7C81}.Debug|x86.ActiveCfg = Debug|Any CPU
		{769E3305-84A2-4549-9C8D-10B4656B7C81}.Release|Any CPU.ActiveCfg = Release|Any CPU
		{769E3305-84A2-4549-9C8D-10B4656B7C81}.Release|Any CPU.Build.0 = Release|Any CPU
		{769E3305-84A2-4549-9C8D-10B4656B7C81}.Release|Mixed Platforms.ActiveCfg = Release|Any CPU
		{769E3305-84A2-4549-9C8D-10B4656B7C81}.Release|Mixed Platforms.Build.0 = Release|Any CPU
		{769E3305-84A2-4549-9C8D-10B4656B7C81}.Release|Win32.ActiveCfg = Release|Any CPU
		{769E3305-84A2-4549-9C8D-10B4656B7C81}.Release|x86.ActiveCfg = Release|Any CPU
		{B4686D31-46CF-4A12-8FD8-32A9EB817B4B}.Debug|Any CPU.ActiveCfg = Debug|Any CPU
		{B4686D31-46CF-4A12-8FD8-32A9EB817B4B}.Debug|Any CPU.Build.0 = Debug|Any CPU
		{B4686D31-46CF-4A12-8FD8-32A9EB817B4B}.Debug|Mixed Platforms.ActiveCfg = Debug|Any CPU
		{B4686D31-46CF-4A12-8FD8-32A9EB817B4B}.Debug|Mixed Platforms.Build.0 = Debug|Any CPU
		{B4686D31-46CF-4A12-8FD8-32A9EB817B4B}.Debug|Win32.ActiveCfg = Debug|Any CPU
		{B4686D31-46CF-4A12-8FD8-32A9EB817B4B}.Debug|x86.ActiveCfg = Debug|Any CPU
		{B4686D31-46CF-4A12-8FD8-32A9EB817B4B}.Release|Any CPU.ActiveCfg = Release|Any CPU
		{B4686D31-46CF-4A12-8FD8-32A9EB817B4B}.Release|Any CPU.Build.0 = Release|Any CPU
		{B4686D31-46CF-4A12-8FD8-32A9EB817B4B}.Release|Mixed Platforms.ActiveCfg = Release|Any CPU
		{B4686D31-46CF-4A12-8FD8-32A9EB817B4B}.Release|Mixed Platforms.Build.0 = Release|Any CPU
		{B4686D31-46CF-4A12-8FD8-32A9EB817B4B}.Release|Win32.ActiveCfg = Release|Any CPU
		{B4686D31-46CF-4A12-8FD8-32A9EB817B4B}.Release|x86.ActiveCfg = Release|Any CPU
		{7FAF2014-7D65-4439-AECE-D4ED37C4CBDC}.Debug|Any CPU.ActiveCfg = Debug|Any CPU
		{7FAF2014-7D65-4439-AECE-D4ED37C4CBDC}.Debug|Any CPU.Build.0 = Debug|Any CPU
		{7FAF2014-7D65-4439-AECE-D4ED37C4CBDC}.Debug|Mixed Platforms.ActiveCfg = Debug|Any CPU
		{7FAF2014-7D65-4439-AECE-D4ED37C4CBDC}.Debug|Mixed Platforms.Build.0 = Debug|Any CPU
		{7FAF2014-7D65-4439-AECE-D4ED37C4CBDC}.Debug|Win32.ActiveCfg = Debug|Any CPU
		{7FAF2014-7D65-4439-AECE-D4ED37C4CBDC}.Debug|x86.ActiveCfg = Debug|Any CPU
		{7FAF2014-7D65-4439-AECE-D4ED37C4CBDC}.Release|Any CPU.ActiveCfg = Release|Any CPU
		{7FAF2014-7D65-4439-AECE-D4ED37C4CBDC}.Release|Any CPU.Build.0 = Release|Any CPU
		{7FAF2014-7D65-4439-AECE-D4ED37C4CBDC}.Release|Mixed Platforms.ActiveCfg = Release|Any CPU
		{7FAF2014-7D65-4439-AECE-D4ED37C4CBDC}.Release|Mixed Platforms.Build.0 = Release|Any CPU
		{7FAF2014-7D65-4439-AECE-D4ED37C4CBDC}.Release|Win32.ActiveCfg = Release|Any CPU
		{7FAF2014-7D65-4439-AECE-D4ED37C4CBDC}.Release|x86.ActiveCfg = Release|Any CPU
		{6554FE9C-C9D5-4ECD-97C4-818966959B65}.Debug|Any CPU.ActiveCfg = Debug|Any CPU
		{6554FE9C-C9D5-4ECD-97C4-818966959B65}.Debug|Any CPU.Build.0 = Debug|Any CPU
		{6554FE9C-C9D5-4ECD-97C4-818966959B65}.Debug|Mixed Platforms.ActiveCfg = Debug|Any CPU
		{6554FE9C-C9D5-4ECD-97C4-818966959B65}.Debug|Mixed Platforms.Build.0 = Debug|Any CPU
		{6554FE9C-C9D5-4ECD-97C4-818966959B65}.Debug|Win32.ActiveCfg = Debug|Any CPU
		{6554FE9C-C9D5-4ECD-97C4-818966959B65}.Debug|x86.ActiveCfg = Debug|Any CPU
		{6554FE9C-C9D5-4ECD-97C4-818966959B65}.Release|Any CPU.ActiveCfg = Release|Any CPU
		{6554FE9C-C9D5-4ECD-97C4-818966959B65}.Release|Any CPU.Build.0 = Release|Any CPU
		{6554FE9C-C9D5-4ECD-97C4-818966959B65}.Release|Mixed Platforms.ActiveCfg = Release|Any CPU
		{6554FE9C-C9D5-4ECD-97C4-818966959B65}.Release|Mixed Platforms.Build.0 = Release|Any CPU
		{6554FE9C-C9D5-4ECD-97C4-818966959B65}.Release|Win32.ActiveCfg = Release|Any CPU
		{6554FE9C-C9D5-4ECD-97C4-818966959B65}.Release|x86.ActiveCfg = Release|Any CPU
		{1EDD92C8-8EBB-41AD-8786-A5EB350D886F}.Debug|Any CPU.ActiveCfg = Debug|Any CPU
		{1EDD92C8-8EBB-41AD-8786-A5EB350D886F}.Debug|Any CPU.Build.0 = Debug|Any CPU
		{1EDD92C8-8EBB-41AD-8786-A5EB350D886F}.Debug|Mixed Platforms.ActiveCfg = Debug|Any CPU
		{1EDD92C8-8EBB-41AD-8786-A5EB350D886F}.Debug|Mixed Platforms.Build.0 = Debug|Any CPU
		{1EDD92C8-8EBB-41AD-8786-A5EB350D886F}.Debug|Win32.ActiveCfg = Debug|Any CPU
		{1EDD92C8-8EBB-41AD-8786-A5EB350D886F}.Debug|x86.ActiveCfg = Debug|Any CPU
		{1EDD92C8-8EBB-41AD-8786-A5EB350D886F}.Release|Any CPU.ActiveCfg = Release|Any CPU
		{1EDD92C8-8EBB-41AD-8786-A5EB350D886F}.Release|Any CPU.Build.0 = Release|Any CPU
		{1EDD92C8-8EBB-41AD-8786-A5EB350D886F}.Release|Mixed Platforms.ActiveCfg = Release|Any CPU
		{1EDD92C8-8EBB-41AD-8786-A5EB350D886F}.Release|Mixed Platforms.Build.0 = Release|Any CPU
		{1EDD92C8-8EBB-41AD-8786-A5EB350D886F}.Release|Win32.ActiveCfg = Release|Any CPU
		{1EDD92C8-8EBB-41AD-8786-A5EB350D886F}.Release|x86.ActiveCfg = Release|Any CPU
		{054CD5C7-D5DA-4F5E-B3A1-BBEC3B22C145}.Debug|Any CPU.ActiveCfg = Debug|Any CPU
		{054CD5C7-D5DA-4F5E-B3A1-BBEC3B22C145}.Debug|Any CPU.Build.0 = Debug|Any CPU
		{054CD5C7-D5DA-4F5E-B3A1-BBEC3B22C145}.Debug|Mixed Platforms.ActiveCfg = Debug|Any CPU
		{054CD5C7-D5DA-4F5E-B3A1-BBEC3B22C145}.Debug|Mixed Platforms.Build.0 = Debug|Any CPU
		{054CD5C7-D5DA-4F5E-B3A1-BBEC3B22C145}.Debug|Win32.ActiveCfg = Debug|Any CPU
		{054CD5C7-D5DA-4F5E-B3A1-BBEC3B22C145}.Debug|x86.ActiveCfg = Debug|Any CPU
		{054CD5C7-D5DA-4F5E-B3A1-BBEC3B22C145}.Release|Any CPU.ActiveCfg = Release|Any CPU
		{054CD5C7-D5DA-4F5E-B3A1-BBEC3B22C145}.Release|Any CPU.Build.0 = Release|Any CPU
		{054CD5C7-D5DA-4F5E-B3A1-BBEC3B22C145}.Release|Mixed Platforms.ActiveCfg = Release|Any CPU
		{054CD5C7-D5DA-4F5E-B3A1-BBEC3B22C145}.Release|Mixed Platforms.Build.0 = Release|Any CPU
		{054CD5C7-D5DA-4F5E-B3A1-BBEC3B22C145}.Release|Win32.ActiveCfg = Release|Any CPU
		{054CD5C7-D5DA-4F5E-B3A1-BBEC3B22C145}.Release|x86.ActiveCfg = Release|Any CPU
		{96C508C0-D0E4-4B82-BCBB-D14E48C4F60B}.Debug|Any CPU.ActiveCfg = Debug|Any CPU
		{96C508C0-D0E4-4B82-BCBB-D14E48C4F60B}.Debug|Any CPU.Build.0 = Debug|Any CPU
		{96C508C0-D0E4-4B82-BCBB-D14E48C4F60B}.Debug|Mixed Platforms.ActiveCfg = Debug|Any CPU
		{96C508C0-D0E4-4B82-BCBB-D14E48C4F60B}.Debug|Mixed Platforms.Build.0 = Debug|Any CPU
		{96C508C0-D0E4-4B82-BCBB-D14E48C4F60B}.Debug|Win32.ActiveCfg = Debug|Any CPU
		{96C508C0-D0E4-4B82-BCBB-D14E48C4F60B}.Debug|x86.ActiveCfg = Debug|Any CPU
		{96C508C0-D0E4-4B82-BCBB-D14E48C4F60B}.Release|Any CPU.ActiveCfg = Release|Any CPU
		{96C508C0-D0E4-4B82-BCBB-D14E48C4F60B}.Release|Any CPU.Build.0 = Release|Any CPU
		{96C508C0-D0E4-4B82-BCBB-D14E48C4F60B}.Release|Mixed Platforms.ActiveCfg = Release|Any CPU
		{96C508C0-D0E4-4B82-BCBB-D14E48C4F60B}.Release|Mixed Platforms.Build.0 = Release|Any CPU
		{96C508C0-D0E4-4B82-BCBB-D14E48C4F60B}.Release|Win32.ActiveCfg = Release|Any CPU
		{96C508C0-D0E4-4B82-BCBB-D14E48C4F60B}.Release|x86.ActiveCfg = Release|Any CPU
		{98BBE72D-883B-424B-AE08-8B1F5BE56962}.Debug|Any CPU.ActiveCfg = Debug|Any CPU
		{98BBE72D-883B-424B-AE08-8B1F5BE56962}.Debug|Any CPU.Build.0 = Debug|Any CPU
		{98BBE72D-883B-424B-AE08-8B1F5BE56962}.Debug|Mixed Platforms.ActiveCfg = Debug|Any CPU
		{98BBE72D-883B-424B-AE08-8B1F5BE56962}.Debug|Mixed Platforms.Build.0 = Debug|Any CPU
		{98BBE72D-883B-424B-AE08-8B1F5BE56962}.Debug|Win32.ActiveCfg = Debug|Any CPU
		{98BBE72D-883B-424B-AE08-8B1F5BE56962}.Debug|x86.ActiveCfg = Debug|Any CPU
		{98BBE72D-883B-424B-AE08-8B1F5BE56962}.Release|Any CPU.ActiveCfg = Release|Any CPU
		{98BBE72D-883B-424B-AE08-8B1F5BE56962}.Release|Any CPU.Build.0 = Release|Any CPU
		{98BBE72D-883B-424B-AE08-8B1F5BE56962}.Release|Mixed Platforms.ActiveCfg = Release|Any CPU
		{98BBE72D-883B-424B-AE08-8B1F5BE56962}.Release|Mixed Platforms.Build.0 = Release|Any CPU
		{98BBE72D-883B-424B-AE08-8B1F5BE56962}.Release|Win32.ActiveCfg = Release|Any CPU
		{98BBE72D-883B-424B-AE08-8B1F5BE56962}.Release|x86.ActiveCfg = Release|Any CPU
		{D4B2D2DA-0B55-4402-93AA-C012243F9D6B}.Debug|Any CPU.ActiveCfg = Debug|Any CPU
		{D4B2D2DA-0B55-4402-93AA-C012243F9D6B}.Debug|Any CPU.Build.0 = Debug|Any CPU
		{D4B2D2DA-0B55-4402-93AA-C012243F9D6B}.Debug|Mixed Platforms.ActiveCfg = Debug|Any CPU
		{D4B2D2DA-0B55-4402-93AA-C012243F9D6B}.Debug|Mixed Platforms.Build.0 = Debug|Any CPU
		{D4B2D2DA-0B55-4402-93AA-C012243F9D6B}.Debug|Win32.ActiveCfg = Debug|Any CPU
		{D4B2D2DA-0B55-4402-93AA-C012243F9D6B}.Debug|x86.ActiveCfg = Debug|Any CPU
		{D4B2D2DA-0B55-4402-93AA-C012243F9D6B}.Release|Any CPU.ActiveCfg = Release|Any CPU
		{D4B2D2DA-0B55-4402-93AA-C012243F9D6B}.Release|Any CPU.Build.0 = Release|Any CPU
		{D4B2D2DA-0B55-4402-93AA-C012243F9D6B}.Release|Mixed Platforms.ActiveCfg = Release|Any CPU
		{D4B2D2DA-0B55-4402-93AA-C012243F9D6B}.Release|Mixed Platforms.Build.0 = Release|Any CPU
		{D4B2D2DA-0B55-4402-93AA-C012243F9D6B}.Release|Win32.ActiveCfg = Release|Any CPU
		{D4B2D2DA-0B55-4402-93AA-C012243F9D6B}.Release|x86.ActiveCfg = Release|Any CPU
		{432CA76D-5F81-4618-86FB-B65BED052538}.Debug|Any CPU.ActiveCfg = Debug|Any CPU
		{432CA76D-5F81-4618-86FB-B65BED052538}.Debug|Any CPU.Build.0 = Debug|Any CPU
		{432CA76D-5F81-4618-86FB-B65BED052538}.Debug|Mixed Platforms.ActiveCfg = Debug|Any CPU
		{432CA76D-5F81-4618-86FB-B65BED052538}.Debug|Mixed Platforms.Build.0 = Debug|Any CPU
		{432CA76D-5F81-4618-86FB-B65BED052538}.Debug|Win32.ActiveCfg = Debug|Any CPU
		{432CA76D-5F81-4618-86FB-B65BED052538}.Debug|x86.ActiveCfg = Debug|Any CPU
		{432CA76D-5F81-4618-86FB-B65BED052538}.Release|Any CPU.ActiveCfg = Release|Any CPU
		{432CA76D-5F81-4618-86FB-B65BED052538}.Release|Any CPU.Build.0 = Release|Any CPU
		{432CA76D-5F81-4618-86FB-B65BED052538}.Release|Mixed Platforms.ActiveCfg = Release|Any CPU
		{432CA76D-5F81-4618-86FB-B65BED052538}.Release|Mixed Platforms.Build.0 = Release|Any CPU
		{432CA76D-5F81-4618-86FB-B65BED052538}.Release|Win32.ActiveCfg = Release|Any CPU
		{432CA76D-5F81-4618-86FB-B65BED052538}.Release|x86.ActiveCfg = Release|Any CPU
		{726228C1-6E97-45BF-A4BC-AD12EFD354DA}.Debug|Any CPU.ActiveCfg = Debug|Any CPU
		{726228C1-6E97-45BF-A4BC-AD12EFD354DA}.Debug|Any CPU.Build.0 = Debug|Any CPU
		{726228C1-6E97-45BF-A4BC-AD12EFD354DA}.Debug|Mixed Platforms.ActiveCfg = Debug|Any CPU
		{726228C1-6E97-45BF-A4BC-AD12EFD354DA}.Debug|Mixed Platforms.Build.0 = Debug|Any CPU
		{726228C1-6E97-45BF-A4BC-AD12EFD354DA}.Debug|Win32.ActiveCfg = Debug|Any CPU
		{726228C1-6E97-45BF-A4BC-AD12EFD354DA}.Debug|x86.ActiveCfg = Debug|Any CPU
		{726228C1-6E97-45BF-A4BC-AD12EFD354DA}.Release|Any CPU.ActiveCfg = Release|Any CPU
		{726228C1-6E97-45BF-A4BC-AD12EFD354DA}.Release|Any CPU.Build.0 = Release|Any CPU
		{726228C1-6E97-45BF-A4BC-AD12EFD354DA}.Release|Mixed Platforms.ActiveCfg = Release|Any CPU
		{726228C1-6E97-45BF-A4BC-AD12EFD354DA}.Release|Mixed Platforms.Build.0 = Release|Any CPU
		{726228C1-6E97-45BF-A4BC-AD12EFD354DA}.Release|Win32.ActiveCfg = Release|Any CPU
		{726228C1-6E97-45BF-A4BC-AD12EFD354DA}.Release|x86.ActiveCfg = Release|Any CPU
		{4F71FE8B-668D-4FC0-BC1B-0F4D40BC577E}.Debug|Any CPU.ActiveCfg = Debug|Any CPU
		{4F71FE8B-668D-4FC0-BC1B-0F4D40BC577E}.Debug|Any CPU.Build.0 = Debug|Any CPU
		{4F71FE8B-668D-4FC0-BC1B-0F4D40BC577E}.Debug|Mixed Platforms.ActiveCfg = Debug|Any CPU
		{4F71FE8B-668D-4FC0-BC1B-0F4D40BC577E}.Debug|Mixed Platforms.Build.0 = Debug|Any CPU
		{4F71FE8B-668D-4FC0-BC1B-0F4D40BC577E}.Debug|Win32.ActiveCfg = Debug|Any CPU
		{4F71FE8B-668D-4FC0-BC1B-0F4D40BC577E}.Debug|x86.ActiveCfg = Debug|Any CPU
		{4F71FE8B-668D-4FC0-BC1B-0F4D40BC577E}.Release|Any CPU.ActiveCfg = Release|Any CPU
		{4F71FE8B-668D-4FC0-BC1B-0F4D40BC577E}.Release|Any CPU.Build.0 = Release|Any CPU
		{4F71FE8B-668D-4FC0-BC1B-0F4D40BC577E}.Release|Mixed Platforms.ActiveCfg = Release|Any CPU
		{4F71FE8B-668D-4FC0-BC1B-0F4D40BC577E}.Release|Mixed Platforms.Build.0 = Release|Any CPU
		{4F71FE8B-668D-4FC0-BC1B-0F4D40BC577E}.Release|Win32.ActiveCfg = Release|Any CPU
		{4F71FE8B-668D-4FC0-BC1B-0F4D40BC577E}.Release|x86.ActiveCfg = Release|Any CPU
		{FD4334F5-180F-4AC3-B23B-39DA8B322FAA}.Debug|Any CPU.ActiveCfg = Debug|Any CPU
		{FD4334F5-180F-4AC3-B23B-39DA8B322FAA}.Debug|Any CPU.Build.0 = Debug|Any CPU
		{FD4334F5-180F-4AC3-B23B-39DA8B322FAA}.Debug|Mixed Platforms.ActiveCfg = Debug|Any CPU
		{FD4334F5-180F-4AC3-B23B-39DA8B322FAA}.Debug|Mixed Platforms.Build.0 = Debug|Any CPU
		{FD4334F5-180F-4AC3-B23B-39DA8B322FAA}.Debug|Win32.ActiveCfg = Debug|Any CPU
		{FD4334F5-180F-4AC3-B23B-39DA8B322FAA}.Debug|x86.ActiveCfg = Debug|Any CPU
		{FD4334F5-180F-4AC3-B23B-39DA8B322FAA}.Release|Any CPU.ActiveCfg = Release|Any CPU
		{FD4334F5-180F-4AC3-B23B-39DA8B322FAA}.Release|Any CPU.Build.0 = Release|Any CPU
		{FD4334F5-180F-4AC3-B23B-39DA8B322FAA}.Release|Mixed Platforms.ActiveCfg = Release|Any CPU
		{FD4334F5-180F-4AC3-B23B-39DA8B322FAA}.Release|Mixed Platforms.Build.0 = Release|Any CPU
		{FD4334F5-180F-4AC3-B23B-39DA8B322FAA}.Release|Win32.ActiveCfg = Release|Any CPU
		{FD4334F5-180F-4AC3-B23B-39DA8B322FAA}.Release|x86.ActiveCfg = Release|Any CPU
		{3BA4BFED-0859-4047-A784-28BE4474D957}.Debug|Any CPU.ActiveCfg = Debug|Any CPU
		{3BA4BFED-0859-4047-A784-28BE4474D957}.Debug|Any CPU.Build.0 = Debug|Any CPU
		{3BA4BFED-0859-4047-A784-28BE4474D957}.Debug|Mixed Platforms.ActiveCfg = Debug|Any CPU
		{3BA4BFED-0859-4047-A784-28BE4474D957}.Debug|Mixed Platforms.Build.0 = Debug|Any CPU
		{3BA4BFED-0859-4047-A784-28BE4474D957}.Debug|Win32.ActiveCfg = Debug|Any CPU
		{3BA4BFED-0859-4047-A784-28BE4474D957}.Debug|x86.ActiveCfg = Debug|Any CPU
		{3BA4BFED-0859-4047-A784-28BE4474D957}.Release|Any CPU.ActiveCfg = Release|Any CPU
		{3BA4BFED-0859-4047-A784-28BE4474D957}.Release|Any CPU.Build.0 = Release|Any CPU
		{3BA4BFED-0859-4047-A784-28BE4474D957}.Release|Mixed Platforms.ActiveCfg = Release|Any CPU
		{3BA4BFED-0859-4047-A784-28BE4474D957}.Release|Mixed Platforms.Build.0 = Release|Any CPU
		{3BA4BFED-0859-4047-A784-28BE4474D957}.Release|Win32.ActiveCfg = Release|Any CPU
		{3BA4BFED-0859-4047-A784-28BE4474D957}.Release|x86.ActiveCfg = Release|Any CPU
		{CC4919A0-BBFA-476D-AA57-F1E7393C8E0D}.Debug|Any CPU.ActiveCfg = Debug|Any CPU
		{CC4919A0-BBFA-476D-AA57-F1E7393C8E0D}.Debug|Any CPU.Build.0 = Debug|Any CPU
		{CC4919A0-BBFA-476D-AA57-F1E7393C8E0D}.Debug|Mixed Platforms.ActiveCfg = Debug|Any CPU
		{CC4919A0-BBFA-476D-AA57-F1E7393C8E0D}.Debug|Mixed Platforms.Build.0 = Debug|Any CPU
		{CC4919A0-BBFA-476D-AA57-F1E7393C8E0D}.Debug|Win32.ActiveCfg = Debug|Any CPU
		{CC4919A0-BBFA-476D-AA57-F1E7393C8E0D}.Debug|x86.ActiveCfg = Debug|Any CPU
		{CC4919A0-BBFA-476D-AA57-F1E7393C8E0D}.Release|Any CPU.ActiveCfg = Release|Any CPU
		{CC4919A0-BBFA-476D-AA57-F1E7393C8E0D}.Release|Any CPU.Build.0 = Release|Any CPU
		{CC4919A0-BBFA-476D-AA57-F1E7393C8E0D}.Release|Mixed Platforms.ActiveCfg = Release|Any CPU
		{CC4919A0-BBFA-476D-AA57-F1E7393C8E0D}.Release|Mixed Platforms.Build.0 = Release|Any CPU
		{CC4919A0-BBFA-476D-AA57-F1E7393C8E0D}.Release|Win32.ActiveCfg = Release|Any CPU
		{CC4919A0-BBFA-476D-AA57-F1E7393C8E0D}.Release|x86.ActiveCfg = Release|Any CPU
		{D0935144-D348-4F66-B7C5-455FD1FFE561}.Debug|Any CPU.ActiveCfg = Debug|Any CPU
		{D0935144-D348-4F66-B7C5-455FD1FFE561}.Debug|Any CPU.Build.0 = Debug|Any CPU
		{D0935144-D348-4F66-B7C5-455FD1FFE561}.Debug|Mixed Platforms.ActiveCfg = Debug|Any CPU
		{D0935144-D348-4F66-B7C5-455FD1FFE561}.Debug|Mixed Platforms.Build.0 = Debug|Any CPU
		{D0935144-D348-4F66-B7C5-455FD1FFE561}.Debug|Win32.ActiveCfg = Debug|Any CPU
		{D0935144-D348-4F66-B7C5-455FD1FFE561}.Debug|x86.ActiveCfg = Debug|Any CPU
		{D0935144-D348-4F66-B7C5-455FD1FFE561}.Release|Any CPU.ActiveCfg = Release|Any CPU
		{D0935144-D348-4F66-B7C5-455FD1FFE561}.Release|Any CPU.Build.0 = Release|Any CPU
		{D0935144-D348-4F66-B7C5-455FD1FFE561}.Release|Mixed Platforms.ActiveCfg = Release|Any CPU
		{D0935144-D348-4F66-B7C5-455FD1FFE561}.Release|Mixed Platforms.Build.0 = Release|Any CPU
		{D0935144-D348-4F66-B7C5-455FD1FFE561}.Release|Win32.ActiveCfg = Release|Any CPU
		{D0935144-D348-4F66-B7C5-455FD1FFE561}.Release|x86.ActiveCfg = Release|Any CPU
		{58D5F345-14DB-4784-9CD0-C27088B14CE0}.Debug|Any CPU.ActiveCfg = Debug|Any CPU
		{58D5F345-14DB-4784-9CD0-C27088B14CE0}.Debug|Any CPU.Build.0 = Debug|Any CPU
		{58D5F345-14DB-4784-9CD0-C27088B14CE0}.Debug|Mixed Platforms.ActiveCfg = Debug|Any CPU
		{58D5F345-14DB-4784-9CD0-C27088B14CE0}.Debug|Mixed Platforms.Build.0 = Debug|Any CPU
		{58D5F345-14DB-4784-9CD0-C27088B14CE0}.Debug|Win32.ActiveCfg = Debug|Any CPU
		{58D5F345-14DB-4784-9CD0-C27088B14CE0}.Debug|x86.ActiveCfg = Debug|Any CPU
		{58D5F345-14DB-4784-9CD0-C27088B14CE0}.Release|Any CPU.ActiveCfg = Release|Any CPU
		{58D5F345-14DB-4784-9CD0-C27088B14CE0}.Release|Any CPU.Build.0 = Release|Any CPU
		{58D5F345-14DB-4784-9CD0-C27088B14CE0}.Release|Mixed Platforms.ActiveCfg = Release|Any CPU
		{58D5F345-14DB-4784-9CD0-C27088B14CE0}.Release|Mixed Platforms.Build.0 = Release|Any CPU
		{58D5F345-14DB-4784-9CD0-C27088B14CE0}.Release|Win32.ActiveCfg = Release|Any CPU
		{58D5F345-14DB-4784-9CD0-C27088B14CE0}.Release|x86.ActiveCfg = Release|Any CPU
		{F627C81D-AEB5-447B-9A11-AB14B0E88CAE}.Debug|Any CPU.ActiveCfg = Debug|Any CPU
		{F627C81D-AEB5-447B-9A11-AB14B0E88CAE}.Debug|Any CPU.Build.0 = Debug|Any CPU
		{F627C81D-AEB5-447B-9A11-AB14B0E88CAE}.Debug|Mixed Platforms.ActiveCfg = Debug|Any CPU
		{F627C81D-AEB5-447B-9A11-AB14B0E88CAE}.Debug|Mixed Platforms.Build.0 = Debug|Any CPU
		{F627C81D-AEB5-447B-9A11-AB14B0E88CAE}.Debug|Win32.ActiveCfg = Debug|Any CPU
		{F627C81D-AEB5-447B-9A11-AB14B0E88CAE}.Debug|x86.ActiveCfg = Debug|Any CPU
		{F627C81D-AEB5-447B-9A11-AB14B0E88CAE}.Release|Any CPU.ActiveCfg = Release|Any CPU
		{F627C81D-AEB5-447B-9A11-AB14B0E88CAE}.Release|Any CPU.Build.0 = Release|Any CPU
		{F627C81D-AEB5-447B-9A11-AB14B0E88CAE}.Release|Mixed Platforms.ActiveCfg = Release|Any CPU
		{F627C81D-AEB5-447B-9A11-AB14B0E88CAE}.Release|Mixed Platforms.Build.0 = Release|Any CPU
		{F627C81D-AEB5-447B-9A11-AB14B0E88CAE}.Release|Win32.ActiveCfg = Release|Any CPU
		{F627C81D-AEB5-447B-9A11-AB14B0E88CAE}.Release|x86.ActiveCfg = Release|Any CPU
		{5D996BEE-BD2A-427A-808B-98EE1F397AE5}.Debug|Any CPU.ActiveCfg = Debug|Any CPU
		{5D996BEE-BD2A-427A-808B-98EE1F397AE5}.Debug|Any CPU.Build.0 = Debug|Any CPU
		{5D996BEE-BD2A-427A-808B-98EE1F397AE5}.Debug|Mixed Platforms.ActiveCfg = Debug|Any CPU
		{5D996BEE-BD2A-427A-808B-98EE1F397AE5}.Debug|Mixed Platforms.Build.0 = Debug|Any CPU
		{5D996BEE-BD2A-427A-808B-98EE1F397AE5}.Debug|Win32.ActiveCfg = Debug|Any CPU
		{5D996BEE-BD2A-427A-808B-98EE1F397AE5}.Debug|x86.ActiveCfg = Debug|Any CPU
		{5D996BEE-BD2A-427A-808B-98EE1F397AE5}.Release|Any CPU.ActiveCfg = Release|Any CPU
		{5D996BEE-BD2A-427A-808B-98EE1F397AE5}.Release|Any CPU.Build.0 = Release|Any CPU
		{5D996BEE-BD2A-427A-808B-98EE1F397AE5}.Release|Mixed Platforms.ActiveCfg = Release|Any CPU
		{5D996BEE-BD2A-427A-808B-98EE1F397AE5}.Release|Mixed Platforms.Build.0 = Release|Any CPU
		{5D996BEE-BD2A-427A-808B-98EE1F397AE5}.Release|Win32.ActiveCfg = Release|Any CPU
		{5D996BEE-BD2A-427A-808B-98EE1F397AE5}.Release|x86.ActiveCfg = Release|Any CPU
		{696369DF-C688-4E26-9903-87DF7B1197ED}.Debug|Any CPU.ActiveCfg = Debug|Any CPU
		{696369DF-C688-4E26-9903-87DF7B1197ED}.Debug|Any CPU.Build.0 = Debug|Any CPU
		{696369DF-C688-4E26-9903-87DF7B1197ED}.Debug|Mixed Platforms.ActiveCfg = Debug|Any CPU
		{696369DF-C688-4E26-9903-87DF7B1197ED}.Debug|Mixed Platforms.Build.0 = Debug|Any CPU
		{696369DF-C688-4E26-9903-87DF7B1197ED}.Debug|Win32.ActiveCfg = Debug|Any CPU
		{696369DF-C688-4E26-9903-87DF7B1197ED}.Debug|x86.ActiveCfg = Debug|Any CPU
		{696369DF-C688-4E26-9903-87DF7B1197ED}.Release|Any CPU.ActiveCfg = Release|Any CPU
		{696369DF-C688-4E26-9903-87DF7B1197ED}.Release|Any CPU.Build.0 = Release|Any CPU
		{696369DF-C688-4E26-9903-87DF7B1197ED}.Release|Mixed Platforms.ActiveCfg = Release|Any CPU
		{696369DF-C688-4E26-9903-87DF7B1197ED}.Release|Mixed Platforms.Build.0 = Release|Any CPU
		{696369DF-C688-4E26-9903-87DF7B1197ED}.Release|Win32.ActiveCfg = Release|Any CPU
		{696369DF-C688-4E26-9903-87DF7B1197ED}.Release|x86.ActiveCfg = Release|Any CPU
		{534A6043-67E3-47EB-B12A-B4A7136936CE}.Debug|Any CPU.ActiveCfg = Debug|Any CPU
		{534A6043-67E3-47EB-B12A-B4A7136936CE}.Debug|Any CPU.Build.0 = Debug|Any CPU
		{534A6043-67E3-47EB-B12A-B4A7136936CE}.Debug|Mixed Platforms.ActiveCfg = Debug|Any CPU
		{534A6043-67E3-47EB-B12A-B4A7136936CE}.Debug|Mixed Platforms.Build.0 = Debug|Any CPU
		{534A6043-67E3-47EB-B12A-B4A7136936CE}.Debug|Win32.ActiveCfg = Debug|Any CPU
		{534A6043-67E3-47EB-B12A-B4A7136936CE}.Debug|x86.ActiveCfg = Debug|Any CPU
		{534A6043-67E3-47EB-B12A-B4A7136936CE}.Release|Any CPU.ActiveCfg = Release|Any CPU
		{534A6043-67E3-47EB-B12A-B4A7136936CE}.Release|Any CPU.Build.0 = Release|Any CPU
		{534A6043-67E3-47EB-B12A-B4A7136936CE}.Release|Mixed Platforms.ActiveCfg = Release|Any CPU
		{534A6043-67E3-47EB-B12A-B4A7136936CE}.Release|Mixed Platforms.Build.0 = Release|Any CPU
		{534A6043-67E3-47EB-B12A-B4A7136936CE}.Release|Win32.ActiveCfg = Release|Any CPU
		{534A6043-67E3-47EB-B12A-B4A7136936CE}.Release|x86.ActiveCfg = Release|Any CPU
		{785380E0-CEB9-4C34-82E5-60D0E33E848E}.Debug|Any CPU.ActiveCfg = Debug|Any CPU
		{785380E0-CEB9-4C34-82E5-60D0E33E848E}.Debug|Any CPU.Build.0 = Debug|Any CPU
		{785380E0-CEB9-4C34-82E5-60D0E33E848E}.Debug|Mixed Platforms.ActiveCfg = Debug|Any CPU
		{785380E0-CEB9-4C34-82E5-60D0E33E848E}.Debug|Mixed Platforms.Build.0 = Debug|Any CPU
		{785380E0-CEB9-4C34-82E5-60D0E33E848E}.Debug|Win32.ActiveCfg = Debug|Any CPU
		{785380E0-CEB9-4C34-82E5-60D0E33E848E}.Debug|x86.ActiveCfg = Debug|Any CPU
		{785380E0-CEB9-4C34-82E5-60D0E33E848E}.Release|Any CPU.ActiveCfg = Release|Any CPU
		{785380E0-CEB9-4C34-82E5-60D0E33E848E}.Release|Any CPU.Build.0 = Release|Any CPU
		{785380E0-CEB9-4C34-82E5-60D0E33E848E}.Release|Mixed Platforms.ActiveCfg = Release|Any CPU
		{785380E0-CEB9-4C34-82E5-60D0E33E848E}.Release|Mixed Platforms.Build.0 = Release|Any CPU
		{785380E0-CEB9-4C34-82E5-60D0E33E848E}.Release|Win32.ActiveCfg = Release|Any CPU
		{785380E0-CEB9-4C34-82E5-60D0E33E848E}.Release|x86.ActiveCfg = Release|Any CPU
		{001A47BF-C8CE-40A7-924A-D749B2355A07}.Debug|Any CPU.ActiveCfg = Debug|Any CPU
		{001A47BF-C8CE-40A7-924A-D749B2355A07}.Debug|Any CPU.Build.0 = Debug|Any CPU
		{001A47BF-C8CE-40A7-924A-D749B2355A07}.Debug|Mixed Platforms.ActiveCfg = Debug|Any CPU
		{001A47BF-C8CE-40A7-924A-D749B2355A07}.Debug|Mixed Platforms.Build.0 = Debug|Any CPU
		{001A47BF-C8CE-40A7-924A-D749B2355A07}.Debug|Win32.ActiveCfg = Debug|Any CPU
		{001A47BF-C8CE-40A7-924A-D749B2355A07}.Debug|Win32.Build.0 = Debug|Any CPU
		{001A47BF-C8CE-40A7-924A-D749B2355A07}.Debug|x86.ActiveCfg = Debug|Any CPU
		{001A47BF-C8CE-40A7-924A-D749B2355A07}.Debug|x86.Build.0 = Debug|Any CPU
		{001A47BF-C8CE-40A7-924A-D749B2355A07}.Release|Any CPU.ActiveCfg = Release|Any CPU
		{001A47BF-C8CE-40A7-924A-D749B2355A07}.Release|Any CPU.Build.0 = Release|Any CPU
		{001A47BF-C8CE-40A7-924A-D749B2355A07}.Release|Mixed Platforms.ActiveCfg = Release|Any CPU
		{001A47BF-C8CE-40A7-924A-D749B2355A07}.Release|Mixed Platforms.Build.0 = Release|Any CPU
		{001A47BF-C8CE-40A7-924A-D749B2355A07}.Release|Win32.ActiveCfg = Release|Any CPU
		{001A47BF-C8CE-40A7-924A-D749B2355A07}.Release|Win32.Build.0 = Release|Any CPU
		{001A47BF-C8CE-40A7-924A-D749B2355A07}.Release|x86.ActiveCfg = Release|Any CPU
		{001A47BF-C8CE-40A7-924A-D749B2355A07}.Release|x86.Build.0 = Release|Any CPU
		{65C72C05-62F9-4956-90C8-1671A2D4471C}.Debug|Any CPU.ActiveCfg = Debug|Any CPU
		{65C72C05-62F9-4956-90C8-1671A2D4471C}.Debug|Any CPU.Build.0 = Debug|Any CPU
		{65C72C05-62F9-4956-90C8-1671A2D4471C}.Debug|Mixed Platforms.ActiveCfg = Debug|Any CPU
		{65C72C05-62F9-4956-90C8-1671A2D4471C}.Debug|Mixed Platforms.Build.0 = Debug|Any CPU
		{65C72C05-62F9-4956-90C8-1671A2D4471C}.Debug|Win32.ActiveCfg = Debug|Any CPU
		{65C72C05-62F9-4956-90C8-1671A2D4471C}.Debug|Win32.Build.0 = Debug|Any CPU
		{65C72C05-62F9-4956-90C8-1671A2D4471C}.Debug|x86.ActiveCfg = Debug|Any CPU
		{65C72C05-62F9-4956-90C8-1671A2D4471C}.Debug|x86.Build.0 = Debug|Any CPU
		{65C72C05-62F9-4956-90C8-1671A2D4471C}.Release|Any CPU.ActiveCfg = Release|Any CPU
		{65C72C05-62F9-4956-90C8-1671A2D4471C}.Release|Any CPU.Build.0 = Release|Any CPU
		{65C72C05-62F9-4956-90C8-1671A2D4471C}.Release|Mixed Platforms.ActiveCfg = Release|Any CPU
		{65C72C05-62F9-4956-90C8-1671A2D4471C}.Release|Mixed Platforms.Build.0 = Release|Any CPU
		{65C72C05-62F9-4956-90C8-1671A2D4471C}.Release|Win32.ActiveCfg = Release|Any CPU
		{65C72C05-62F9-4956-90C8-1671A2D4471C}.Release|Win32.Build.0 = Release|Any CPU
		{65C72C05-62F9-4956-90C8-1671A2D4471C}.Release|x86.ActiveCfg = Release|Any CPU
		{65C72C05-62F9-4956-90C8-1671A2D4471C}.Release|x86.Build.0 = Release|Any CPU
		{1C41C827-B033-41B7-84C9-BCE70B9C8FC9}.Debug|Any CPU.ActiveCfg = Debug|Any CPU
		{1C41C827-B033-41B7-84C9-BCE70B9C8FC9}.Debug|Any CPU.Build.0 = Debug|Any CPU
		{1C41C827-B033-41B7-84C9-BCE70B9C8FC9}.Debug|Mixed Platforms.ActiveCfg = Debug|Any CPU
		{1C41C827-B033-41B7-84C9-BCE70B9C8FC9}.Debug|Mixed Platforms.Build.0 = Debug|Any CPU
		{1C41C827-B033-41B7-84C9-BCE70B9C8FC9}.Debug|Win32.ActiveCfg = Debug|Any CPU
		{1C41C827-B033-41B7-84C9-BCE70B9C8FC9}.Debug|Win32.Build.0 = Debug|Any CPU
		{1C41C827-B033-41B7-84C9-BCE70B9C8FC9}.Debug|x86.ActiveCfg = Debug|Any CPU
		{1C41C827-B033-41B7-84C9-BCE70B9C8FC9}.Debug|x86.Build.0 = Debug|Any CPU
		{1C41C827-B033-41B7-84C9-BCE70B9C8FC9}.Release|Any CPU.ActiveCfg = Release|Any CPU
		{1C41C827-B033-41B7-84C9-BCE70B9C8FC9}.Release|Any CPU.Build.0 = Release|Any CPU
		{1C41C827-B033-41B7-84C9-BCE70B9C8FC9}.Release|Mixed Platforms.ActiveCfg = Release|Any CPU
		{1C41C827-B033-41B7-84C9-BCE70B9C8FC9}.Release|Mixed Platforms.Build.0 = Release|Any CPU
		{1C41C827-B033-41B7-84C9-BCE70B9C8FC9}.Release|Win32.ActiveCfg = Release|Any CPU
		{1C41C827-B033-41B7-84C9-BCE70B9C8FC9}.Release|Win32.Build.0 = Release|Any CPU
		{1C41C827-B033-41B7-84C9-BCE70B9C8FC9}.Release|x86.ActiveCfg = Release|Any CPU
		{1C41C827-B033-41B7-84C9-BCE70B9C8FC9}.Release|x86.Build.0 = Release|Any CPU
		{F7907A0A-B75F-400B-9E78-BFAD00DB4D6B}.Debug|Any CPU.ActiveCfg = Debug|Any CPU
		{F7907A0A-B75F-400B-9E78-BFAD00DB4D6B}.Debug|Any CPU.Build.0 = Debug|Any CPU
		{F7907A0A-B75F-400B-9E78-BFAD00DB4D6B}.Debug|Mixed Platforms.ActiveCfg = Debug|Any CPU
		{F7907A0A-B75F-400B-9E78-BFAD00DB4D6B}.Debug|Mixed Platforms.Build.0 = Debug|Any CPU
		{F7907A0A-B75F-400B-9E78-BFAD00DB4D6B}.Debug|Win32.ActiveCfg = Debug|Any CPU
		{F7907A0A-B75F-400B-9E78-BFAD00DB4D6B}.Debug|Win32.Build.0 = Debug|Any CPU
		{F7907A0A-B75F-400B-9E78-BFAD00DB4D6B}.Debug|x86.ActiveCfg = Debug|Any CPU
		{F7907A0A-B75F-400B-9E78-BFAD00DB4D6B}.Debug|x86.Build.0 = Debug|Any CPU
		{F7907A0A-B75F-400B-9E78-BFAD00DB4D6B}.Release|Any CPU.ActiveCfg = Release|Any CPU
		{F7907A0A-B75F-400B-9E78-BFAD00DB4D6B}.Release|Any CPU.Build.0 = Release|Any CPU
		{F7907A0A-B75F-400B-9E78-BFAD00DB4D6B}.Release|Mixed Platforms.ActiveCfg = Release|Any CPU
		{F7907A0A-B75F-400B-9E78-BFAD00DB4D6B}.Release|Mixed Platforms.Build.0 = Release|Any CPU
		{F7907A0A-B75F-400B-9E78-BFAD00DB4D6B}.Release|Win32.ActiveCfg = Release|Any CPU
		{F7907A0A-B75F-400B-9E78-BFAD00DB4D6B}.Release|Win32.Build.0 = Release|Any CPU
		{F7907A0A-B75F-400B-9E78-BFAD00DB4D6B}.Release|x86.ActiveCfg = Release|Any CPU
		{F7907A0A-B75F-400B-9E78-BFAD00DB4D6B}.Release|x86.Build.0 = Release|Any CPU
		{7BCEECC7-8975-4B30-BA8F-75810680FB89}.Debug|Any CPU.ActiveCfg = Debug|Any CPU
		{7BCEECC7-8975-4B30-BA8F-75810680FB89}.Debug|Any CPU.Build.0 = Debug|Any CPU
		{7BCEECC7-8975-4B30-BA8F-75810680FB89}.Debug|Mixed Platforms.ActiveCfg = Debug|Any CPU
		{7BCEECC7-8975-4B30-BA8F-75810680FB89}.Debug|Mixed Platforms.Build.0 = Debug|Any CPU
		{7BCEECC7-8975-4B30-BA8F-75810680FB89}.Debug|Win32.ActiveCfg = Debug|Any CPU
		{7BCEECC7-8975-4B30-BA8F-75810680FB89}.Debug|Win32.Build.0 = Debug|Any CPU
		{7BCEECC7-8975-4B30-BA8F-75810680FB89}.Debug|x86.ActiveCfg = Debug|Any CPU
		{7BCEECC7-8975-4B30-BA8F-75810680FB89}.Debug|x86.Build.0 = Debug|Any CPU
		{7BCEECC7-8975-4B30-BA8F-75810680FB89}.Release|Any CPU.ActiveCfg = Release|Any CPU
		{7BCEECC7-8975-4B30-BA8F-75810680FB89}.Release|Any CPU.Build.0 = Release|Any CPU
		{7BCEECC7-8975-4B30-BA8F-75810680FB89}.Release|Mixed Platforms.ActiveCfg = Release|Any CPU
		{7BCEECC7-8975-4B30-BA8F-75810680FB89}.Release|Mixed Platforms.Build.0 = Release|Any CPU
		{7BCEECC7-8975-4B30-BA8F-75810680FB89}.Release|Win32.ActiveCfg = Release|Any CPU
		{7BCEECC7-8975-4B30-BA8F-75810680FB89}.Release|Win32.Build.0 = Release|Any CPU
		{7BCEECC7-8975-4B30-BA8F-75810680FB89}.Release|x86.ActiveCfg = Release|Any CPU
		{7BCEECC7-8975-4B30-BA8F-75810680FB89}.Release|x86.Build.0 = Release|Any CPU
		{7A8CFAE1-9257-497C-ADB3-7495AAB13EBD}.Debug|Any CPU.ActiveCfg = Debug|Any CPU
		{7A8CFAE1-9257-497C-ADB3-7495AAB13EBD}.Debug|Any CPU.Build.0 = Debug|Any CPU
		{7A8CFAE1-9257-497C-ADB3-7495AAB13EBD}.Debug|Mixed Platforms.ActiveCfg = Debug|Any CPU
		{7A8CFAE1-9257-497C-ADB3-7495AAB13EBD}.Debug|Mixed Platforms.Build.0 = Debug|Any CPU
		{7A8CFAE1-9257-497C-ADB3-7495AAB13EBD}.Debug|Win32.ActiveCfg = Debug|Any CPU
		{7A8CFAE1-9257-497C-ADB3-7495AAB13EBD}.Debug|Win32.Build.0 = Debug|Any CPU
		{7A8CFAE1-9257-497C-ADB3-7495AAB13EBD}.Debug|x86.ActiveCfg = Debug|Any CPU
		{7A8CFAE1-9257-497C-ADB3-7495AAB13EBD}.Debug|x86.Build.0 = Debug|Any CPU
		{7A8CFAE1-9257-497C-ADB3-7495AAB13EBD}.Release|Any CPU.ActiveCfg = Release|Any CPU
		{7A8CFAE1-9257-497C-ADB3-7495AAB13EBD}.Release|Any CPU.Build.0 = Release|Any CPU
		{7A8CFAE1-9257-497C-ADB3-7495AAB13EBD}.Release|Mixed Platforms.ActiveCfg = Release|Any CPU
		{7A8CFAE1-9257-497C-ADB3-7495AAB13EBD}.Release|Mixed Platforms.Build.0 = Release|Any CPU
		{7A8CFAE1-9257-497C-ADB3-7495AAB13EBD}.Release|Win32.ActiveCfg = Release|Any CPU
		{7A8CFAE1-9257-497C-ADB3-7495AAB13EBD}.Release|Win32.Build.0 = Release|Any CPU
		{7A8CFAE1-9257-497C-ADB3-7495AAB13EBD}.Release|x86.ActiveCfg = Release|Any CPU
		{7A8CFAE1-9257-497C-ADB3-7495AAB13EBD}.Release|x86.Build.0 = Release|Any CPU
		{E1C3AA23-3A02-485F-976B-50A96052F00A}.Debug|Any CPU.ActiveCfg = Debug|Any CPU
		{E1C3AA23-3A02-485F-976B-50A96052F00A}.Debug|Any CPU.Build.0 = Debug|Any CPU
		{E1C3AA23-3A02-485F-976B-50A96052F00A}.Debug|Mixed Platforms.ActiveCfg = Debug|x86
		{E1C3AA23-3A02-485F-976B-50A96052F00A}.Debug|Mixed Platforms.Build.0 = Debug|x86
		{E1C3AA23-3A02-485F-976B-50A96052F00A}.Debug|Win32.ActiveCfg = Debug|x86
		{E1C3AA23-3A02-485F-976B-50A96052F00A}.Debug|Win32.Build.0 = Debug|x86
		{E1C3AA23-3A02-485F-976B-50A96052F00A}.Debug|x86.ActiveCfg = Debug|x86
		{E1C3AA23-3A02-485F-976B-50A96052F00A}.Debug|x86.Build.0 = Debug|x86
		{E1C3AA23-3A02-485F-976B-50A96052F00A}.Release|Any CPU.ActiveCfg = Release|Any CPU
		{E1C3AA23-3A02-485F-976B-50A96052F00A}.Release|Any CPU.Build.0 = Release|Any CPU
		{E1C3AA23-3A02-485F-976B-50A96052F00A}.Release|Mixed Platforms.ActiveCfg = Release|x86
		{E1C3AA23-3A02-485F-976B-50A96052F00A}.Release|Mixed Platforms.Build.0 = Release|x86
		{E1C3AA23-3A02-485F-976B-50A96052F00A}.Release|Win32.ActiveCfg = Release|x86
		{E1C3AA23-3A02-485F-976B-50A96052F00A}.Release|Win32.Build.0 = Release|x86
		{E1C3AA23-3A02-485F-976B-50A96052F00A}.Release|x86.ActiveCfg = Release|x86
		{E1C3AA23-3A02-485F-976B-50A96052F00A}.Release|x86.Build.0 = Release|x86
	EndGlobalSection
	GlobalSection(SolutionProperties) = preSolution
		HideSolutionNode = FALSE
	EndGlobalSection
	GlobalSection(NestedProjects) = preSolution
		{A8D59F15-E4E7-4B55-9D9F-D851EAD296F0} = {40FD3832-6852-463C-8F95-81122F7FA449}
		{2CA9B693-4E23-4571-97E9-96D19017AB42} = {40FD3832-6852-463C-8F95-81122F7FA449}
		{DC17441B-09C1-483E-AA75-60C6F0087A64} = {40FD3832-6852-463C-8F95-81122F7FA449}
		{829BF121-B858-4F41-90E0-33AF05DB6D16} = {40FD3832-6852-463C-8F95-81122F7FA449}
		{87D03132-FF7F-4657-BDB9-F85107DC5C83} = {195D8AF3-4BEE-4C9F-AE6F-953ABD64A390}
		{04EC2CA7-0434-4A8C-AA0E-5E23D023A654} = {E55ED9FD-E683-472E-8281-5F3C0AC1F2B0}
		{2596D59A-8438-4F23-881C-D93970A4F94E} = {B9C0EA94-CAED-4B50-8250-56583F0775E5}
		{867AEAE3-E64C-40E9-A84E-DB368478C0E0} = {B9C0EA94-CAED-4B50-8250-56583F0775E5}
		{489171B2-F8E3-470D-920E-7724F9374C14} = {B9C0EA94-CAED-4B50-8250-56583F0775E5}
		{76856712-C516-4FDC-A50A-9FD719E637B4} = {B9C0EA94-CAED-4B50-8250-56583F0775E5}
		{BBECE6FC-EF63-40F8-A734-A500D1DFC1AF} = {E55ED9FD-E683-472E-8281-5F3C0AC1F2B0}
		{BC335BC5-C0F2-40EE-B938-745F6C1922A9} = {40FD3832-6852-463C-8F95-81122F7FA449}
		{196B624D-7278-4392-A0EB-5060986D912F} = {195D8AF3-4BEE-4C9F-AE6F-953ABD64A390}
		{769E3305-84A2-4549-9C8D-10B4656B7C81} = {195D8AF3-4BEE-4C9F-AE6F-953ABD64A390}
		{B4686D31-46CF-4A12-8FD8-32A9EB817B4B} = {E55ED9FD-E683-472E-8281-5F3C0AC1F2B0}
		{7FAF2014-7D65-4439-AECE-D4ED37C4CBDC} = {B9C0EA94-CAED-4B50-8250-56583F0775E5}
		{6554FE9C-C9D5-4ECD-97C4-818966959B65} = {B9C0EA94-CAED-4B50-8250-56583F0775E5}
		{1EDD92C8-8EBB-41AD-8786-A5EB350D886F} = {B9C0EA94-CAED-4B50-8250-56583F0775E5}
		{054CD5C7-D5DA-4F5E-B3A1-BBEC3B22C145} = {40FD3832-6852-463C-8F95-81122F7FA449}
		{96C508C0-D0E4-4B82-BCBB-D14E48C4F60B} = {40FD3832-6852-463C-8F95-81122F7FA449}
		{98BBE72D-883B-424B-AE08-8B1F5BE56962} = {40FD3832-6852-463C-8F95-81122F7FA449}
		{D4B2D2DA-0B55-4402-93AA-C012243F9D6B} = {B9C0EA94-CAED-4B50-8250-56583F0775E5}
		{432CA76D-5F81-4618-86FB-B65BED052538} = {195D8AF3-4BEE-4C9F-AE6F-953ABD64A390}
		{726228C1-6E97-45BF-A4BC-AD12EFD354DA} = {40FD3832-6852-463C-8F95-81122F7FA449}
		{4F71FE8B-668D-4FC0-BC1B-0F4D40BC577E} = {B9C0EA94-CAED-4B50-8250-56583F0775E5}
		{FD4334F5-180F-4AC3-B23B-39DA8B322FAA} = {B9C0EA94-CAED-4B50-8250-56583F0775E5}
		{3BA4BFED-0859-4047-A784-28BE4474D957} = {195D8AF3-4BEE-4C9F-AE6F-953ABD64A390}
		{CC4919A0-BBFA-476D-AA57-F1E7393C8E0D} = {195D8AF3-4BEE-4C9F-AE6F-953ABD64A390}
		{D0935144-D348-4F66-B7C5-455FD1FFE561} = {40FD3832-6852-463C-8F95-81122F7FA449}
		{58D5F345-14DB-4784-9CD0-C27088B14CE0} = {195D8AF3-4BEE-4C9F-AE6F-953ABD64A390}
		{F627C81D-AEB5-447B-9A11-AB14B0E88CAE} = {40FD3832-6852-463C-8F95-81122F7FA449}
		{5D996BEE-BD2A-427A-808B-98EE1F397AE5} = {40FD3832-6852-463C-8F95-81122F7FA449}
		{696369DF-C688-4E26-9903-87DF7B1197ED} = {40FD3832-6852-463C-8F95-81122F7FA449}
		{534A6043-67E3-47EB-B12A-B4A7136936CE} = {B9C0EA94-CAED-4B50-8250-56583F0775E5}
		{785380E0-CEB9-4C34-82E5-60D0E33E848E} = {E55ED9FD-E683-472E-8281-5F3C0AC1F2B0}
		{001A47BF-C8CE-40A7-924A-D749B2355A07} = {40FD3832-6852-463C-8F95-81122F7FA449}
		{65C72C05-62F9-4956-90C8-1671A2D4471C} = {195D8AF3-4BEE-4C9F-AE6F-953ABD64A390}
		{1C41C827-B033-41B7-84C9-BCE70B9C8FC9} = {195D8AF3-4BEE-4C9F-AE6F-953ABD64A390}
		{F7907A0A-B75F-400B-9E78-BFAD00DB4D6B} = {E55ED9FD-E683-472E-8281-5F3C0AC1F2B0}
		{7BCEECC7-8975-4B30-BA8F-75810680FB89} = {195D8AF3-4BEE-4C9F-AE6F-953ABD64A390}
		{7A8CFAE1-9257-497C-ADB3-7495AAB13EBD} = {9D00FFE6-2CE1-4586-8523-E7540CB6C819}
		{E1C3AA23-3A02-485F-976B-50A96052F00A} = {E55ED9FD-E683-472E-8281-5F3C0AC1F2B0}
	EndGlobalSection
EndGlobal
